// !$*UTF8*$!
{
	archiveVersion = 1;
	classes = {
	};
	objectVersion = 50;
	objects = {

/* Begin PBXBuildFile section */
		5FF217CB043B1ADB7726BEB0 /* Pods_Smart_Training_Log.framework in Frameworks */ = {isa = PBXBuildFile; fileRef = 830EA71B45708F42547DE3C2 /* Pods_Smart_Training_Log.framework */; };
		8CF430292D65DA5382C52E95 /* Pods_Smart_Training_LogTests.framework in Frameworks */ = {isa = PBXBuildFile; fileRef = 03BA023BD59C9B0EE13F7AEB /* Pods_Smart_Training_LogTests.framework */; };
		A71B4802214E98B000700340 /* ProfileViewController.swift in Sources */ = {isa = PBXBuildFile; fileRef = A71B4801214E98B000700340 /* ProfileViewController.swift */; };
		A71B4804214E9DF200700340 /* ProfileViewModel.swift in Sources */ = {isa = PBXBuildFile; fileRef = A71B4803214E9DF200700340 /* ProfileViewModel.swift */; };
		A725784D215705860086D0C7 /* Student.swift in Sources */ = {isa = PBXBuildFile; fileRef = A725784C215705860086D0C7 /* Student.swift */; };
		A72FDA5A21495D8B000311B0 /* AppDelegate.swift in Sources */ = {isa = PBXBuildFile; fileRef = A72FDA5921495D8B000311B0 /* AppDelegate.swift */; };
		A72FDA5F21495D8C000311B0 /* Main.storyboard in Resources */ = {isa = PBXBuildFile; fileRef = A72FDA5D21495D8C000311B0 /* Main.storyboard */; };
		A72FDA6221495D8C000311B0 /* Smart_Training_Log.xcdatamodeld in Sources */ = {isa = PBXBuildFile; fileRef = A72FDA6021495D8C000311B0 /* Smart_Training_Log.xcdatamodeld */; };
		A72FDA6421495D8C000311B0 /* Assets.xcassets in Resources */ = {isa = PBXBuildFile; fileRef = A72FDA6321495D8C000311B0 /* Assets.xcassets */; };
		A72FDA6721495D8C000311B0 /* LaunchScreen.storyboard in Resources */ = {isa = PBXBuildFile; fileRef = A72FDA6521495D8C000311B0 /* LaunchScreen.storyboard */; };
		A72FDA7221495D8C000311B0 /* Smart_Training_LogTests.swift in Sources */ = {isa = PBXBuildFile; fileRef = A72FDA7121495D8C000311B0 /* Smart_Training_LogTests.swift */; };
		A72FDAD321495E03000311B0 /* FeatureSubject.swift in Sources */ = {isa = PBXBuildFile; fileRef = A72FDA8E21495E03000311B0 /* FeatureSubject.swift */; };
		A72FDAD421495E03000311B0 /* VendorIDFeatureSubject.swift in Sources */ = {isa = PBXBuildFile; fileRef = A72FDA8F21495E03000311B0 /* VendorIDFeatureSubject.swift */; };
		A72FDAD521495E03000311B0 /* FeatureManager.swift in Sources */ = {isa = PBXBuildFile; fileRef = A72FDA9021495E03000311B0 /* FeatureManager.swift */; };
		A72FDAD621495E03000311B0 /* FeatureSelector.swift in Sources */ = {isa = PBXBuildFile; fileRef = A72FDA9121495E03000311B0 /* FeatureSelector.swift */; };
		A72FDAD721495E03000311B0 /* FeatureCondition.swift in Sources */ = {isa = PBXBuildFile; fileRef = A72FDA9221495E03000311B0 /* FeatureCondition.swift */; };
		A72FDAD821495E03000311B0 /* TaskScheduler.swift in Sources */ = {isa = PBXBuildFile; fileRef = A72FDA9421495E03000311B0 /* TaskScheduler.swift */; };
		A72FDAD921495E03000311B0 /* RemoteNotificationCondition.swift in Sources */ = {isa = PBXBuildFile; fileRef = A72FDA9621495E03000311B0 /* RemoteNotificationCondition.swift */; };
		A72FDADA21495E03000311B0 /* ReachabilityCondition.swift in Sources */ = {isa = PBXBuildFile; fileRef = A72FDA9721495E03000311B0 /* ReachabilityCondition.swift */; };
		A72FDADB21495E03000311B0 /* PhotosCondition.swift in Sources */ = {isa = PBXBuildFile; fileRef = A72FDA9821495E03000311B0 /* PhotosCondition.swift */; };
		A72FDADC21495E03000311B0 /* NSLock+Operations.swift in Sources */ = {isa = PBXBuildFile; fileRef = A72FDA9921495E03000311B0 /* NSLock+Operations.swift */; };
		A72FDADD21495E03000311B0 /* Dictionary+Operations.swift in Sources */ = {isa = PBXBuildFile; fileRef = A72FDA9A21495E03000311B0 /* Dictionary+Operations.swift */; };
		A72FDADE21495E03000311B0 /* LocationOperation.swift in Sources */ = {isa = PBXBuildFile; fileRef = A72FDA9B21495E03000311B0 /* LocationOperation.swift */; };
		A72FDADF21495E03000311B0 /* OperationObserver.swift in Sources */ = {isa = PBXBuildFile; fileRef = A72FDA9C21495E03000311B0 /* OperationObserver.swift */; };
		A72FDAE021495E03000311B0 /* NegatedCondition.swift in Sources */ = {isa = PBXBuildFile; fileRef = A72FDA9E21495E03000311B0 /* NegatedCondition.swift */; };
		A72FDAE121495E03000311B0 /* PassbookCondition.swift in Sources */ = {isa = PBXBuildFile; fileRef = A72FDA9F21495E03000311B0 /* PassbookCondition.swift */; };
		A72FDAE221495E03000311B0 /* NoCancelledDependencies.swift in Sources */ = {isa = PBXBuildFile; fileRef = A72FDAA021495E03000311B0 /* NoCancelledDependencies.swift */; };
		A72FDAE321495E03000311B0 /* CKContainer+Operations.swift in Sources */ = {isa = PBXBuildFile; fileRef = A72FDAA121495E03000311B0 /* CKContainer+Operations.swift */; };
		A72FDAE521495E03000311B0 /* ExclusivityController.swift in Sources */ = {isa = PBXBuildFile; fileRef = A72FDAA321495E03000311B0 /* ExclusivityController.swift */; };
		A72FDAE621495E03000311B0 /* CloudCondition.swift in Sources */ = {isa = PBXBuildFile; fileRef = A72FDAA421495E03000311B0 /* CloudCondition.swift */; };
		A72FDAE721495E03000311B0 /* SilentCondition.swift in Sources */ = {isa = PBXBuildFile; fileRef = A72FDAA521495E03000311B0 /* SilentCondition.swift */; };
		A72FDAE821495E03000311B0 /* HealthCondition.swift in Sources */ = {isa = PBXBuildFile; fileRef = A72FDAA621495E03000311B0 /* HealthCondition.swift */; };
		A72FDAE921495E03000311B0 /* GroupOperation.swift in Sources */ = {isa = PBXBuildFile; fileRef = A72FDAA721495E03000311B0 /* GroupOperation.swift */; };
		A72FDAEA21495E03000311B0 /* BlockOperation.swift in Sources */ = {isa = PBXBuildFile; fileRef = A72FDAA821495E03000311B0 /* BlockOperation.swift */; };
		A72FDAEB21495E03000311B0 /* LocationCondition.swift in Sources */ = {isa = PBXBuildFile; fileRef = A72FDAA921495E03000311B0 /* LocationCondition.swift */; };
		A72FDAEC21495E03000311B0 /* MutuallyExclusive.swift in Sources */ = {isa = PBXBuildFile; fileRef = A72FDAAA21495E03000311B0 /* MutuallyExclusive.swift */; };
		A72FDAED21495E03000311B0 /* OperationCondition.swift in Sources */ = {isa = PBXBuildFile; fileRef = A72FDAAB21495E03000311B0 /* OperationCondition.swift */; };
		A72FDAEE21495E03000311B0 /* URLSessionTaskOperation.swift in Sources */ = {isa = PBXBuildFile; fileRef = A72FDAAC21495E03000311B0 /* URLSessionTaskOperation.swift */; };
		A72FDAEF21495E03000311B0 /* OperationQueue.swift in Sources */ = {isa = PBXBuildFile; fileRef = A72FDAAD21495E03000311B0 /* OperationQueue.swift */; };
		A72FDAF021495E03000311B0 /* NSObject+ThrowingKeyValueObserving.m in Sources */ = {isa = PBXBuildFile; fileRef = A72FDAAE21495E03000311B0 /* NSObject+ThrowingKeyValueObserving.m */; };
		A72FDAF121495E03000311B0 /* NSOperation+Operations.swift in Sources */ = {isa = PBXBuildFile; fileRef = A72FDAAF21495E03000311B0 /* NSOperation+Operations.swift */; };
		A72FDAF221495E03000311B0 /* DependencySuccessCondition.swift in Sources */ = {isa = PBXBuildFile; fileRef = A72FDAB021495E03000311B0 /* DependencySuccessCondition.swift */; };
		A72FDAF421495E03000311B0 /* AlertOperation.swift in Sources */ = {isa = PBXBuildFile; fileRef = A72FDAB221495E03000311B0 /* AlertOperation.swift */; };
		A72FDAF521495E03000311B0 /* NSURL+CacheFiles.swift in Sources */ = {isa = PBXBuildFile; fileRef = A72FDAB321495E03000311B0 /* NSURL+CacheFiles.swift */; };
		A72FDAF621495E03000311B0 /* NetworkObserver.swift in Sources */ = {isa = PBXBuildFile; fileRef = A72FDAB421495E03000311B0 /* NetworkObserver.swift */; };
		A72FDAF821495E03000311B0 /* DelayOperation.swift in Sources */ = {isa = PBXBuildFile; fileRef = A72FDAB621495E03000311B0 /* DelayOperation.swift */; };
		A72FDAF921495E03000311B0 /* BlockObserver.swift in Sources */ = {isa = PBXBuildFile; fileRef = A72FDAB721495E03000311B0 /* BlockObserver.swift */; };
		A72FDAFA21495E03000311B0 /* CalendarCondition.swift in Sources */ = {isa = PBXBuildFile; fileRef = A72FDAB821495E03000311B0 /* CalendarCondition.swift */; };
		A72FDAFB21495E03000311B0 /* OperationErrors.swift in Sources */ = {isa = PBXBuildFile; fileRef = A72FDAB921495E03000311B0 /* OperationErrors.swift */; };
		A72FDAFC21495E03000311B0 /* Operation.swift in Sources */ = {isa = PBXBuildFile; fileRef = A72FDABA21495E03000311B0 /* Operation.swift */; };
		A72FDAFD21495E03000311B0 /* TimeoutObserver.swift in Sources */ = {isa = PBXBuildFile; fileRef = A72FDABB21495E03000311B0 /* TimeoutObserver.swift */; };
		A72FDAFE21495E03000311B0 /* Container.swift in Sources */ = {isa = PBXBuildFile; fileRef = A72FDABD21495E03000311B0 /* Container.swift */; };
		A72FDAFF21495E03000311B0 /* JSONServiceRequest.swift in Sources */ = {isa = PBXBuildFile; fileRef = A72FDABF21495E03000311B0 /* JSONServiceRequest.swift */; };
		A72FDB0021495E03000311B0 /* JSONParsing.swift in Sources */ = {isa = PBXBuildFile; fileRef = A72FDAC021495E03000311B0 /* JSONParsing.swift */; };
		A72FDB0121495E03000311B0 /* JSONServiceResponseProcessor.swift in Sources */ = {isa = PBXBuildFile; fileRef = A72FDAC121495E03000311B0 /* JSONServiceResponseProcessor.swift */; };
		A72FDB0221495E03000311B0 /* LICENSE.txt in Resources */ = {isa = PBXBuildFile; fileRef = A72FDAC221495E03000311B0 /* LICENSE.txt */; };
		A72FDB0321495E03000311B0 /* Service.swift in Sources */ = {isa = PBXBuildFile; fileRef = A72FDAC421495E03000311B0 /* Service.swift */; };
		A72FDB0421495E03000311B0 /* ServiceRequest.swift in Sources */ = {isa = PBXBuildFile; fileRef = A72FDAC521495E03000311B0 /* ServiceRequest.swift */; };
		A72FDB0521495E03000311B0 /* ServiceRequestConfigurator.swift in Sources */ = {isa = PBXBuildFile; fileRef = A72FDAC621495E03000311B0 /* ServiceRequestConfigurator.swift */; };
		A72FDB0621495E03000311B0 /* ServiceEndpoint+JSONParsing.swift in Sources */ = {isa = PBXBuildFile; fileRef = A72FDAC721495E03000311B0 /* ServiceEndpoint+JSONParsing.swift */; };
		A72FDB0721495E03000311B0 /* ServiceRequestStatus.swift in Sources */ = {isa = PBXBuildFile; fileRef = A72FDAC821495E03000311B0 /* ServiceRequestStatus.swift */; };
		A72FDB0821495E03000311B0 /* ServiceSession.swift in Sources */ = {isa = PBXBuildFile; fileRef = A72FDAC921495E03000311B0 /* ServiceSession.swift */; };
		A72FDB0921495E03000311B0 /* ServiceRequestDecorator.swift in Sources */ = {isa = PBXBuildFile; fileRef = A72FDACA21495E03000311B0 /* ServiceRequestDecorator.swift */; };
		A72FDB0A21495E03000311B0 /* ServiceRequestOperation.swift in Sources */ = {isa = PBXBuildFile; fileRef = A72FDACB21495E03000311B0 /* ServiceRequestOperation.swift */; };
		A72FDB0B21495E03000311B0 /* ServiceEndpoint.swift in Sources */ = {isa = PBXBuildFile; fileRef = A72FDACC21495E03000311B0 /* ServiceEndpoint.swift */; };
		A72FDB0C21495E03000311B0 /* ServiceEndpointPathTransformer.swift in Sources */ = {isa = PBXBuildFile; fileRef = A72FDACD21495E03000311B0 /* ServiceEndpointPathTransformer.swift */; };
		A72FDB102149648E000311B0 /* GoogleService-Info.plist in Resources */ = {isa = PBXBuildFile; fileRef = A72FDB0F2149648E000311B0 /* GoogleService-Info.plist */; };
		A7595D6D214978E3007EDE67 /* StartupManager.swift in Sources */ = {isa = PBXBuildFile; fileRef = A7595D6C214978E3007EDE67 /* StartupManager.swift */; };
		A7595D6F214979C9007EDE67 /* PersistenceManager.swift in Sources */ = {isa = PBXBuildFile; fileRef = A7595D6E214979C9007EDE67 /* PersistenceManager.swift */; };
		A7595D7721497C90007EDE67 /* Login.storyboard in Resources */ = {isa = PBXBuildFile; fileRef = A7595D7621497C90007EDE67 /* Login.storyboard */; };
		A7595D7D21498100007EDE67 /* Palette.swift in Sources */ = {isa = PBXBuildFile; fileRef = A7595D7C21498100007EDE67 /* Palette.swift */; };
		A7595D7F214985E7007EDE67 /* UIColorExtensions.swift in Sources */ = {isa = PBXBuildFile; fileRef = A7595D7E214985E7007EDE67 /* UIColorExtensions.swift */; };
		A7595D8421499B27007EDE67 /* UnderlineTextField.swift in Sources */ = {isa = PBXBuildFile; fileRef = A7595D8321499B27007EDE67 /* UnderlineTextField.swift */; };
		A7595D8621499C91007EDE67 /* RoundRectButton.swift in Sources */ = {isa = PBXBuildFile; fileRef = A7595D8521499C91007EDE67 /* RoundRectButton.swift */; };
		A7595D882149B386007EDE67 /* LoginViewController.swift in Sources */ = {isa = PBXBuildFile; fileRef = A7595D872149B386007EDE67 /* LoginViewController.swift */; };
		A7595D8A2149B3AF007EDE67 /* RegisterViewController.swift in Sources */ = {isa = PBXBuildFile; fileRef = A7595D892149B3AF007EDE67 /* RegisterViewController.swift */; };
		A7595D8C2149CDA7007EDE67 /* StringExtensions.swift in Sources */ = {isa = PBXBuildFile; fileRef = A7595D8B2149CDA7007EDE67 /* StringExtensions.swift */; };
		A7595D8E214C3A07007EDE67 /* AuthenticationStore.swift in Sources */ = {isa = PBXBuildFile; fileRef = A7595D8D214C3A07007EDE67 /* AuthenticationStore.swift */; };
		A7595D92214C5BB8007EDE67 /* NavigationTransitionSegue.swift in Sources */ = {isa = PBXBuildFile; fileRef = A7595D91214C5BB8007EDE67 /* NavigationTransitionSegue.swift */; };
		A7595D94214C5D82007EDE67 /* UIApplicationExtensions.swift in Sources */ = {isa = PBXBuildFile; fileRef = A7595D93214C5D82007EDE67 /* UIApplicationExtensions.swift */; };
		A7595D96214D3A27007EDE67 /* UIViewExtensions.swift in Sources */ = {isa = PBXBuildFile; fileRef = A7595D95214D3A27007EDE67 /* UIViewExtensions.swift */; };
		A7595D98214D727E007EDE67 /* KeyboardReactiveScrollView.swift in Sources */ = {isa = PBXBuildFile; fileRef = A7595D97214D727E007EDE67 /* KeyboardReactiveScrollView.swift */; };
		A7595D9C214D7F43007EDE67 /* Profile.storyboard in Resources */ = {isa = PBXBuildFile; fileRef = A7595D9B214D7F43007EDE67 /* Profile.storyboard */; };
		A7595DA2214D8269007EDE67 /* More.storyboard in Resources */ = {isa = PBXBuildFile; fileRef = A7595DA1214D8269007EDE67 /* More.storyboard */; };
		A7702F6C21501B450007484A /* ImageDownloadable.swift in Sources */ = {isa = PBXBuildFile; fileRef = A7702F6B21501B450007484A /* ImageDownloadable.swift */; };
		A7702F6E2150359B0007484A /* DownloadCacheManager.swift in Sources */ = {isa = PBXBuildFile; fileRef = A7702F6D2150359B0007484A /* DownloadCacheManager.swift */; };
		A7702F7021503CD80007484A /* DownloadResourceService.swift in Sources */ = {isa = PBXBuildFile; fileRef = A7702F6F21503CD80007484A /* DownloadResourceService.swift */; };
		A7702F7221504EB30007484A /* CloudStorageManager.swift in Sources */ = {isa = PBXBuildFile; fileRef = A7702F7121504EB30007484A /* CloudStorageManager.swift */; };
		A7702F74215071930007484A /* DatabaseManager.swift in Sources */ = {isa = PBXBuildFile; fileRef = A7702F73215071930007484A /* DatabaseManager.swift */; };
		A772E35A21529A32005FB9B5 /* UIImageExtensions.swift in Sources */ = {isa = PBXBuildFile; fileRef = A772E35921529A32005FB9B5 /* UIImageExtensions.swift */; };
		A7818EAA2159558100836B6E /* Entitlements.swift in Sources */ = {isa = PBXBuildFile; fileRef = A7818EA92159558100836B6E /* Entitlements.swift */; };
		A7818EAC21615FB900836B6E /* Treatments.swift in Sources */ = {isa = PBXBuildFile; fileRef = A7818EAB21615FB900836B6E /* Treatments.swift */; };
		A7818EAE216167C600836B6E /* Treatments.storyboard in Resources */ = {isa = PBXBuildFile; fileRef = A7595D9E214D7FFA007EDE67 /* Treatments.storyboard */; };
		A7818EB2216173A200836B6E /* AddTreatmentViewController.swift in Sources */ = {isa = PBXBuildFile; fileRef = A7818EB1216173A200836B6E /* AddTreatmentViewController.swift */; };
		A7BB24AF214FDF370088A4C8 /* CircleImageView.swift in Sources */ = {isa = PBXBuildFile; fileRef = A7BB24AE214FDF370088A4C8 /* CircleImageView.swift */; };
		A7BB24B1214FE4150088A4C8 /* EditProfileViewController.swift in Sources */ = {isa = PBXBuildFile; fileRef = A7BB24B0214FE4150088A4C8 /* EditProfileViewController.swift */; };
		A7BB24B3214FE8160088A4C8 /* Sports.swift in Sources */ = {isa = PBXBuildFile; fileRef = A7BB24B2214FE8160088A4C8 /* Sports.swift */; };
		A7BFE47121556F2C0064C0CB /* TreatmentsViewController.swift in Sources */ = {isa = PBXBuildFile; fileRef = A7BFE47021556F2C0064C0CB /* TreatmentsViewController.swift */; };
/* End PBXBuildFile section */

/* Begin PBXContainerItemProxy section */
		A72FDA6E21495D8C000311B0 /* PBXContainerItemProxy */ = {
			isa = PBXContainerItemProxy;
			containerPortal = A72FDA4E21495D8B000311B0 /* Project object */;
			proxyType = 1;
			remoteGlobalIDString = A72FDA5521495D8B000311B0;
			remoteInfo = "Smart Training Log";
		};
/* End PBXContainerItemProxy section */

/* Begin PBXFileReference section */
		03BA023BD59C9B0EE13F7AEB /* Pods_Smart_Training_LogTests.framework */ = {isa = PBXFileReference; explicitFileType = wrapper.framework; includeInIndex = 0; path = Pods_Smart_Training_LogTests.framework; sourceTree = BUILT_PRODUCTS_DIR; };
		53BDC99589586F6D7B3FA143 /* Pods-Smart Training LogTests.release.xcconfig */ = {isa = PBXFileReference; includeInIndex = 1; lastKnownFileType = text.xcconfig; name = "Pods-Smart Training LogTests.release.xcconfig"; path = "Pods/Target Support Files/Pods-Smart Training LogTests/Pods-Smart Training LogTests.release.xcconfig"; sourceTree = "<group>"; };
		59584B79FE0F4A3E77532D78 /* Pods-Smart Training Log.debug.xcconfig */ = {isa = PBXFileReference; includeInIndex = 1; lastKnownFileType = text.xcconfig; name = "Pods-Smart Training Log.debug.xcconfig"; path = "Pods/Target Support Files/Pods-Smart Training Log/Pods-Smart Training Log.debug.xcconfig"; sourceTree = "<group>"; };
		5F200C7318446E8B8D5AECEC /* Pods-Smart Training Log.release.xcconfig */ = {isa = PBXFileReference; includeInIndex = 1; lastKnownFileType = text.xcconfig; name = "Pods-Smart Training Log.release.xcconfig"; path = "Pods/Target Support Files/Pods-Smart Training Log/Pods-Smart Training Log.release.xcconfig"; sourceTree = "<group>"; };
		830EA71B45708F42547DE3C2 /* Pods_Smart_Training_Log.framework */ = {isa = PBXFileReference; explicitFileType = wrapper.framework; includeInIndex = 0; path = Pods_Smart_Training_Log.framework; sourceTree = BUILT_PRODUCTS_DIR; };
		83CB36034396187753816885 /* Pods-Smart Training LogTests.debug.xcconfig */ = {isa = PBXFileReference; includeInIndex = 1; lastKnownFileType = text.xcconfig; name = "Pods-Smart Training LogTests.debug.xcconfig"; path = "Pods/Target Support Files/Pods-Smart Training LogTests/Pods-Smart Training LogTests.debug.xcconfig"; sourceTree = "<group>"; };
		A71B4801214E98B000700340 /* ProfileViewController.swift */ = {isa = PBXFileReference; lastKnownFileType = sourcecode.swift; path = ProfileViewController.swift; sourceTree = "<group>"; };
		A71B4803214E9DF200700340 /* ProfileViewModel.swift */ = {isa = PBXFileReference; lastKnownFileType = sourcecode.swift; path = ProfileViewModel.swift; sourceTree = "<group>"; };
		A725784C215705860086D0C7 /* Student.swift */ = {isa = PBXFileReference; lastKnownFileType = sourcecode.swift; path = Student.swift; sourceTree = "<group>"; };
		A72FDA5621495D8B000311B0 /* Smart Training Log.app */ = {isa = PBXFileReference; explicitFileType = wrapper.application; includeInIndex = 0; path = "Smart Training Log.app"; sourceTree = BUILT_PRODUCTS_DIR; };
		A72FDA5921495D8B000311B0 /* AppDelegate.swift */ = {isa = PBXFileReference; lastKnownFileType = sourcecode.swift; path = AppDelegate.swift; sourceTree = "<group>"; };
		A72FDA5E21495D8C000311B0 /* Base */ = {isa = PBXFileReference; lastKnownFileType = file.storyboard; name = Base; path = Base.lproj/Main.storyboard; sourceTree = "<group>"; };
		A72FDA6121495D8C000311B0 /* Smart_Training_Log.xcdatamodel */ = {isa = PBXFileReference; lastKnownFileType = wrapper.xcdatamodel; path = Smart_Training_Log.xcdatamodel; sourceTree = "<group>"; };
		A72FDA6321495D8C000311B0 /* Assets.xcassets */ = {isa = PBXFileReference; lastKnownFileType = folder.assetcatalog; path = Assets.xcassets; sourceTree = "<group>"; };
		A72FDA6621495D8C000311B0 /* Base */ = {isa = PBXFileReference; lastKnownFileType = file.storyboard; name = Base; path = Base.lproj/LaunchScreen.storyboard; sourceTree = "<group>"; };
		A72FDA6821495D8C000311B0 /* Info.plist */ = {isa = PBXFileReference; lastKnownFileType = text.plist.xml; path = Info.plist; sourceTree = "<group>"; };
		A72FDA6D21495D8C000311B0 /* Smart Training LogTests.xctest */ = {isa = PBXFileReference; explicitFileType = wrapper.cfbundle; includeInIndex = 0; path = "Smart Training LogTests.xctest"; sourceTree = BUILT_PRODUCTS_DIR; };
		A72FDA7121495D8C000311B0 /* Smart_Training_LogTests.swift */ = {isa = PBXFileReference; lastKnownFileType = sourcecode.swift; path = Smart_Training_LogTests.swift; sourceTree = "<group>"; };
		A72FDA7321495D8C000311B0 /* Info.plist */ = {isa = PBXFileReference; lastKnownFileType = text.plist.xml; path = Info.plist; sourceTree = "<group>"; };
		A72FDA8E21495E03000311B0 /* FeatureSubject.swift */ = {isa = PBXFileReference; fileEncoding = 4; lastKnownFileType = sourcecode.swift; path = FeatureSubject.swift; sourceTree = "<group>"; };
		A72FDA8F21495E03000311B0 /* VendorIDFeatureSubject.swift */ = {isa = PBXFileReference; fileEncoding = 4; lastKnownFileType = sourcecode.swift; path = VendorIDFeatureSubject.swift; sourceTree = "<group>"; };
		A72FDA9021495E03000311B0 /* FeatureManager.swift */ = {isa = PBXFileReference; fileEncoding = 4; lastKnownFileType = sourcecode.swift; path = FeatureManager.swift; sourceTree = "<group>"; };
		A72FDA9121495E03000311B0 /* FeatureSelector.swift */ = {isa = PBXFileReference; fileEncoding = 4; lastKnownFileType = sourcecode.swift; path = FeatureSelector.swift; sourceTree = "<group>"; };
		A72FDA9221495E03000311B0 /* FeatureCondition.swift */ = {isa = PBXFileReference; fileEncoding = 4; lastKnownFileType = sourcecode.swift; path = FeatureCondition.swift; sourceTree = "<group>"; };
		A72FDA9421495E03000311B0 /* TaskScheduler.swift */ = {isa = PBXFileReference; fileEncoding = 4; lastKnownFileType = sourcecode.swift; path = TaskScheduler.swift; sourceTree = "<group>"; };
		A72FDA9621495E03000311B0 /* RemoteNotificationCondition.swift */ = {isa = PBXFileReference; fileEncoding = 4; lastKnownFileType = sourcecode.swift; path = RemoteNotificationCondition.swift; sourceTree = "<group>"; };
		A72FDA9721495E03000311B0 /* ReachabilityCondition.swift */ = {isa = PBXFileReference; fileEncoding = 4; lastKnownFileType = sourcecode.swift; path = ReachabilityCondition.swift; sourceTree = "<group>"; };
		A72FDA9821495E03000311B0 /* PhotosCondition.swift */ = {isa = PBXFileReference; fileEncoding = 4; lastKnownFileType = sourcecode.swift; path = PhotosCondition.swift; sourceTree = "<group>"; };
		A72FDA9921495E03000311B0 /* NSLock+Operations.swift */ = {isa = PBXFileReference; fileEncoding = 4; lastKnownFileType = sourcecode.swift; path = "NSLock+Operations.swift"; sourceTree = "<group>"; };
		A72FDA9A21495E03000311B0 /* Dictionary+Operations.swift */ = {isa = PBXFileReference; fileEncoding = 4; lastKnownFileType = sourcecode.swift; path = "Dictionary+Operations.swift"; sourceTree = "<group>"; };
		A72FDA9B21495E03000311B0 /* LocationOperation.swift */ = {isa = PBXFileReference; fileEncoding = 4; lastKnownFileType = sourcecode.swift; path = LocationOperation.swift; sourceTree = "<group>"; };
		A72FDA9C21495E03000311B0 /* OperationObserver.swift */ = {isa = PBXFileReference; fileEncoding = 4; lastKnownFileType = sourcecode.swift; path = OperationObserver.swift; sourceTree = "<group>"; };
		A72FDA9D21495E03000311B0 /* NSObject+ThrowingKeyValueObserving.h */ = {isa = PBXFileReference; fileEncoding = 4; lastKnownFileType = sourcecode.c.h; path = "NSObject+ThrowingKeyValueObserving.h"; sourceTree = "<group>"; };
		A72FDA9E21495E03000311B0 /* NegatedCondition.swift */ = {isa = PBXFileReference; fileEncoding = 4; lastKnownFileType = sourcecode.swift; path = NegatedCondition.swift; sourceTree = "<group>"; };
		A72FDA9F21495E03000311B0 /* PassbookCondition.swift */ = {isa = PBXFileReference; fileEncoding = 4; lastKnownFileType = sourcecode.swift; path = PassbookCondition.swift; sourceTree = "<group>"; };
		A72FDAA021495E03000311B0 /* NoCancelledDependencies.swift */ = {isa = PBXFileReference; fileEncoding = 4; lastKnownFileType = sourcecode.swift; path = NoCancelledDependencies.swift; sourceTree = "<group>"; };
		A72FDAA121495E03000311B0 /* CKContainer+Operations.swift */ = {isa = PBXFileReference; fileEncoding = 4; lastKnownFileType = sourcecode.swift; path = "CKContainer+Operations.swift"; sourceTree = "<group>"; };
		A72FDAA221495E03000311B0 /* UserNotificationCondition.swift */ = {isa = PBXFileReference; fileEncoding = 4; lastKnownFileType = sourcecode.swift; path = UserNotificationCondition.swift; sourceTree = "<group>"; };
		A72FDAA321495E03000311B0 /* ExclusivityController.swift */ = {isa = PBXFileReference; fileEncoding = 4; lastKnownFileType = sourcecode.swift; path = ExclusivityController.swift; sourceTree = "<group>"; };
		A72FDAA421495E03000311B0 /* CloudCondition.swift */ = {isa = PBXFileReference; fileEncoding = 4; lastKnownFileType = sourcecode.swift; path = CloudCondition.swift; sourceTree = "<group>"; };
		A72FDAA521495E03000311B0 /* SilentCondition.swift */ = {isa = PBXFileReference; fileEncoding = 4; lastKnownFileType = sourcecode.swift; path = SilentCondition.swift; sourceTree = "<group>"; };
		A72FDAA621495E03000311B0 /* HealthCondition.swift */ = {isa = PBXFileReference; fileEncoding = 4; lastKnownFileType = sourcecode.swift; path = HealthCondition.swift; sourceTree = "<group>"; };
		A72FDAA721495E03000311B0 /* GroupOperation.swift */ = {isa = PBXFileReference; fileEncoding = 4; lastKnownFileType = sourcecode.swift; path = GroupOperation.swift; sourceTree = "<group>"; };
		A72FDAA821495E03000311B0 /* BlockOperation.swift */ = {isa = PBXFileReference; fileEncoding = 4; lastKnownFileType = sourcecode.swift; path = BlockOperation.swift; sourceTree = "<group>"; };
		A72FDAA921495E03000311B0 /* LocationCondition.swift */ = {isa = PBXFileReference; fileEncoding = 4; lastKnownFileType = sourcecode.swift; path = LocationCondition.swift; sourceTree = "<group>"; };
		A72FDAAA21495E03000311B0 /* MutuallyExclusive.swift */ = {isa = PBXFileReference; fileEncoding = 4; lastKnownFileType = sourcecode.swift; path = MutuallyExclusive.swift; sourceTree = "<group>"; };
		A72FDAAB21495E03000311B0 /* OperationCondition.swift */ = {isa = PBXFileReference; fileEncoding = 4; lastKnownFileType = sourcecode.swift; path = OperationCondition.swift; sourceTree = "<group>"; };
		A72FDAAC21495E03000311B0 /* URLSessionTaskOperation.swift */ = {isa = PBXFileReference; fileEncoding = 4; lastKnownFileType = sourcecode.swift; path = URLSessionTaskOperation.swift; sourceTree = "<group>"; };
		A72FDAAD21495E03000311B0 /* OperationQueue.swift */ = {isa = PBXFileReference; fileEncoding = 4; lastKnownFileType = sourcecode.swift; path = OperationQueue.swift; sourceTree = "<group>"; };
		A72FDAAE21495E03000311B0 /* NSObject+ThrowingKeyValueObserving.m */ = {isa = PBXFileReference; fileEncoding = 4; lastKnownFileType = sourcecode.c.objc; path = "NSObject+ThrowingKeyValueObserving.m"; sourceTree = "<group>"; };
		A72FDAAF21495E03000311B0 /* NSOperation+Operations.swift */ = {isa = PBXFileReference; fileEncoding = 4; lastKnownFileType = sourcecode.swift; path = "NSOperation+Operations.swift"; sourceTree = "<group>"; };
		A72FDAB021495E03000311B0 /* DependencySuccessCondition.swift */ = {isa = PBXFileReference; fileEncoding = 4; lastKnownFileType = sourcecode.swift; path = DependencySuccessCondition.swift; sourceTree = "<group>"; };
		A72FDAB121495E03000311B0 /* UIUserNotifications+Operations.swift */ = {isa = PBXFileReference; fileEncoding = 4; lastKnownFileType = sourcecode.swift; path = "UIUserNotifications+Operations.swift"; sourceTree = "<group>"; };
		A72FDAB221495E03000311B0 /* AlertOperation.swift */ = {isa = PBXFileReference; fileEncoding = 4; lastKnownFileType = sourcecode.swift; path = AlertOperation.swift; sourceTree = "<group>"; };
		A72FDAB321495E03000311B0 /* NSURL+CacheFiles.swift */ = {isa = PBXFileReference; fileEncoding = 4; lastKnownFileType = sourcecode.swift; path = "NSURL+CacheFiles.swift"; sourceTree = "<group>"; };
		A72FDAB421495E03000311B0 /* NetworkObserver.swift */ = {isa = PBXFileReference; fileEncoding = 4; lastKnownFileType = sourcecode.swift; path = NetworkObserver.swift; sourceTree = "<group>"; };
		A72FDAB521495E03000311B0 /* LICENSE.txt */ = {isa = PBXFileReference; fileEncoding = 4; lastKnownFileType = text; path = LICENSE.txt; sourceTree = "<group>"; };
		A72FDAB621495E03000311B0 /* DelayOperation.swift */ = {isa = PBXFileReference; fileEncoding = 4; lastKnownFileType = sourcecode.swift; path = DelayOperation.swift; sourceTree = "<group>"; };
		A72FDAB721495E03000311B0 /* BlockObserver.swift */ = {isa = PBXFileReference; fileEncoding = 4; lastKnownFileType = sourcecode.swift; path = BlockObserver.swift; sourceTree = "<group>"; };
		A72FDAB821495E03000311B0 /* CalendarCondition.swift */ = {isa = PBXFileReference; fileEncoding = 4; lastKnownFileType = sourcecode.swift; path = CalendarCondition.swift; sourceTree = "<group>"; };
		A72FDAB921495E03000311B0 /* OperationErrors.swift */ = {isa = PBXFileReference; fileEncoding = 4; lastKnownFileType = sourcecode.swift; path = OperationErrors.swift; sourceTree = "<group>"; };
		A72FDABA21495E03000311B0 /* Operation.swift */ = {isa = PBXFileReference; fileEncoding = 4; lastKnownFileType = sourcecode.swift; path = Operation.swift; sourceTree = "<group>"; };
		A72FDABB21495E03000311B0 /* TimeoutObserver.swift */ = {isa = PBXFileReference; fileEncoding = 4; lastKnownFileType = sourcecode.swift; path = TimeoutObserver.swift; sourceTree = "<group>"; };
		A72FDABD21495E03000311B0 /* Container.swift */ = {isa = PBXFileReference; fileEncoding = 4; lastKnownFileType = sourcecode.swift; path = Container.swift; sourceTree = "<group>"; };
		A72FDABF21495E03000311B0 /* JSONServiceRequest.swift */ = {isa = PBXFileReference; fileEncoding = 4; lastKnownFileType = sourcecode.swift; path = JSONServiceRequest.swift; sourceTree = "<group>"; };
		A72FDAC021495E03000311B0 /* JSONParsing.swift */ = {isa = PBXFileReference; fileEncoding = 4; lastKnownFileType = sourcecode.swift; path = JSONParsing.swift; sourceTree = "<group>"; };
		A72FDAC121495E03000311B0 /* JSONServiceResponseProcessor.swift */ = {isa = PBXFileReference; fileEncoding = 4; lastKnownFileType = sourcecode.swift; path = JSONServiceResponseProcessor.swift; sourceTree = "<group>"; };
		A72FDAC221495E03000311B0 /* LICENSE.txt */ = {isa = PBXFileReference; fileEncoding = 4; lastKnownFileType = text; path = LICENSE.txt; sourceTree = "<group>"; };
		A72FDAC421495E03000311B0 /* Service.swift */ = {isa = PBXFileReference; fileEncoding = 4; lastKnownFileType = sourcecode.swift; path = Service.swift; sourceTree = "<group>"; };
		A72FDAC521495E03000311B0 /* ServiceRequest.swift */ = {isa = PBXFileReference; fileEncoding = 4; lastKnownFileType = sourcecode.swift; path = ServiceRequest.swift; sourceTree = "<group>"; };
		A72FDAC621495E03000311B0 /* ServiceRequestConfigurator.swift */ = {isa = PBXFileReference; fileEncoding = 4; lastKnownFileType = sourcecode.swift; path = ServiceRequestConfigurator.swift; sourceTree = "<group>"; };
		A72FDAC721495E03000311B0 /* ServiceEndpoint+JSONParsing.swift */ = {isa = PBXFileReference; fileEncoding = 4; lastKnownFileType = sourcecode.swift; path = "ServiceEndpoint+JSONParsing.swift"; sourceTree = "<group>"; };
		A72FDAC821495E03000311B0 /* ServiceRequestStatus.swift */ = {isa = PBXFileReference; fileEncoding = 4; lastKnownFileType = sourcecode.swift; path = ServiceRequestStatus.swift; sourceTree = "<group>"; };
		A72FDAC921495E03000311B0 /* ServiceSession.swift */ = {isa = PBXFileReference; fileEncoding = 4; lastKnownFileType = sourcecode.swift; path = ServiceSession.swift; sourceTree = "<group>"; };
		A72FDACA21495E03000311B0 /* ServiceRequestDecorator.swift */ = {isa = PBXFileReference; fileEncoding = 4; lastKnownFileType = sourcecode.swift; path = ServiceRequestDecorator.swift; sourceTree = "<group>"; };
		A72FDACB21495E03000311B0 /* ServiceRequestOperation.swift */ = {isa = PBXFileReference; fileEncoding = 4; lastKnownFileType = sourcecode.swift; path = ServiceRequestOperation.swift; sourceTree = "<group>"; };
		A72FDACC21495E03000311B0 /* ServiceEndpoint.swift */ = {isa = PBXFileReference; fileEncoding = 4; lastKnownFileType = sourcecode.swift; path = ServiceEndpoint.swift; sourceTree = "<group>"; };
		A72FDACD21495E03000311B0 /* ServiceEndpointPathTransformer.swift */ = {isa = PBXFileReference; fileEncoding = 4; lastKnownFileType = sourcecode.swift; path = ServiceEndpointPathTransformer.swift; sourceTree = "<group>"; };
		A72FDACE21495E03000311B0 /* Horatio.h */ = {isa = PBXFileReference; fileEncoding = 4; lastKnownFileType = sourcecode.c.h; path = Horatio.h; sourceTree = "<group>"; };
		A72FDB0F2149648E000311B0 /* GoogleService-Info.plist */ = {isa = PBXFileReference; fileEncoding = 4; lastKnownFileType = text.plist.xml; path = "GoogleService-Info.plist"; sourceTree = "<group>"; };
		A7595D6C214978E3007EDE67 /* StartupManager.swift */ = {isa = PBXFileReference; lastKnownFileType = sourcecode.swift; path = StartupManager.swift; sourceTree = "<group>"; };
		A7595D6E214979C9007EDE67 /* PersistenceManager.swift */ = {isa = PBXFileReference; lastKnownFileType = sourcecode.swift; path = PersistenceManager.swift; sourceTree = "<group>"; };
		A7595D7621497C90007EDE67 /* Login.storyboard */ = {isa = PBXFileReference; lastKnownFileType = file.storyboard; path = Login.storyboard; sourceTree = "<group>"; };
		A7595D7C21498100007EDE67 /* Palette.swift */ = {isa = PBXFileReference; lastKnownFileType = sourcecode.swift; path = Palette.swift; sourceTree = "<group>"; };
		A7595D7E214985E7007EDE67 /* UIColorExtensions.swift */ = {isa = PBXFileReference; lastKnownFileType = sourcecode.swift; path = UIColorExtensions.swift; sourceTree = "<group>"; };
		A7595D8321499B27007EDE67 /* UnderlineTextField.swift */ = {isa = PBXFileReference; lastKnownFileType = sourcecode.swift; path = UnderlineTextField.swift; sourceTree = "<group>"; };
		A7595D8521499C91007EDE67 /* RoundRectButton.swift */ = {isa = PBXFileReference; lastKnownFileType = sourcecode.swift; path = RoundRectButton.swift; sourceTree = "<group>"; };
		A7595D872149B386007EDE67 /* LoginViewController.swift */ = {isa = PBXFileReference; lastKnownFileType = sourcecode.swift; path = LoginViewController.swift; sourceTree = "<group>"; };
		A7595D892149B3AF007EDE67 /* RegisterViewController.swift */ = {isa = PBXFileReference; lastKnownFileType = sourcecode.swift; path = RegisterViewController.swift; sourceTree = "<group>"; };
		A7595D8B2149CDA7007EDE67 /* StringExtensions.swift */ = {isa = PBXFileReference; lastKnownFileType = sourcecode.swift; path = StringExtensions.swift; sourceTree = "<group>"; };
		A7595D8D214C3A07007EDE67 /* AuthenticationStore.swift */ = {isa = PBXFileReference; lastKnownFileType = sourcecode.swift; path = AuthenticationStore.swift; sourceTree = "<group>"; };
		A7595D91214C5BB8007EDE67 /* NavigationTransitionSegue.swift */ = {isa = PBXFileReference; lastKnownFileType = sourcecode.swift; path = NavigationTransitionSegue.swift; sourceTree = "<group>"; };
		A7595D93214C5D82007EDE67 /* UIApplicationExtensions.swift */ = {isa = PBXFileReference; lastKnownFileType = sourcecode.swift; path = UIApplicationExtensions.swift; sourceTree = "<group>"; };
		A7595D95214D3A27007EDE67 /* UIViewExtensions.swift */ = {isa = PBXFileReference; lastKnownFileType = sourcecode.swift; path = UIViewExtensions.swift; sourceTree = "<group>"; };
		A7595D97214D727E007EDE67 /* KeyboardReactiveScrollView.swift */ = {isa = PBXFileReference; lastKnownFileType = sourcecode.swift; path = KeyboardReactiveScrollView.swift; sourceTree = "<group>"; };
		A7595D9B214D7F43007EDE67 /* Profile.storyboard */ = {isa = PBXFileReference; fileEncoding = 4; lastKnownFileType = file.storyboard; path = Profile.storyboard; sourceTree = "<group>"; };
		A7595D9E214D7FFA007EDE67 /* Treatments.storyboard */ = {isa = PBXFileReference; fileEncoding = 4; lastKnownFileType = file.storyboard; path = Treatments.storyboard; sourceTree = "<group>"; };
		A7595DA1214D8269007EDE67 /* More.storyboard */ = {isa = PBXFileReference; lastKnownFileType = file.storyboard; path = More.storyboard; sourceTree = "<group>"; };
		A7702F6B21501B450007484A /* ImageDownloadable.swift */ = {isa = PBXFileReference; lastKnownFileType = sourcecode.swift; path = ImageDownloadable.swift; sourceTree = "<group>"; };
		A7702F6D2150359B0007484A /* DownloadCacheManager.swift */ = {isa = PBXFileReference; lastKnownFileType = sourcecode.swift; path = DownloadCacheManager.swift; sourceTree = "<group>"; };
		A7702F6F21503CD80007484A /* DownloadResourceService.swift */ = {isa = PBXFileReference; lastKnownFileType = sourcecode.swift; path = DownloadResourceService.swift; sourceTree = "<group>"; };
		A7702F7121504EB30007484A /* CloudStorageManager.swift */ = {isa = PBXFileReference; lastKnownFileType = sourcecode.swift; path = CloudStorageManager.swift; sourceTree = "<group>"; };
		A7702F73215071930007484A /* DatabaseManager.swift */ = {isa = PBXFileReference; lastKnownFileType = sourcecode.swift; path = DatabaseManager.swift; sourceTree = "<group>"; };
		A772E35921529A32005FB9B5 /* UIImageExtensions.swift */ = {isa = PBXFileReference; lastKnownFileType = sourcecode.swift; path = UIImageExtensions.swift; sourceTree = "<group>"; };
		A7818EA92159558100836B6E /* Entitlements.swift */ = {isa = PBXFileReference; lastKnownFileType = sourcecode.swift; path = Entitlements.swift; sourceTree = "<group>"; };
		A7818EAB21615FB900836B6E /* Treatments.swift */ = {isa = PBXFileReference; lastKnownFileType = sourcecode.swift; path = Treatments.swift; sourceTree = "<group>"; };
		A7818EB1216173A200836B6E /* AddTreatmentViewController.swift */ = {isa = PBXFileReference; lastKnownFileType = sourcecode.swift; path = AddTreatmentViewController.swift; sourceTree = "<group>"; };
		A7BB24AE214FDF370088A4C8 /* CircleImageView.swift */ = {isa = PBXFileReference; lastKnownFileType = sourcecode.swift; path = CircleImageView.swift; sourceTree = "<group>"; };
		A7BB24B0214FE4150088A4C8 /* EditProfileViewController.swift */ = {isa = PBXFileReference; lastKnownFileType = sourcecode.swift; path = EditProfileViewController.swift; sourceTree = "<group>"; };
		A7BB24B2214FE8160088A4C8 /* Sports.swift */ = {isa = PBXFileReference; lastKnownFileType = sourcecode.swift; path = Sports.swift; sourceTree = "<group>"; };
		A7BFE47021556F2C0064C0CB /* TreatmentsViewController.swift */ = {isa = PBXFileReference; lastKnownFileType = sourcecode.swift; path = TreatmentsViewController.swift; sourceTree = "<group>"; };
/* End PBXFileReference section */

/* Begin PBXFrameworksBuildPhase section */
		A72FDA5321495D8B000311B0 /* Frameworks */ = {
			isa = PBXFrameworksBuildPhase;
			buildActionMask = 2147483647;
			files = (
				5FF217CB043B1ADB7726BEB0 /* Pods_Smart_Training_Log.framework in Frameworks */,
			);
			runOnlyForDeploymentPostprocessing = 0;
		};
		A72FDA6A21495D8C000311B0 /* Frameworks */ = {
			isa = PBXFrameworksBuildPhase;
			buildActionMask = 2147483647;
			files = (
				8CF430292D65DA5382C52E95 /* Pods_Smart_Training_LogTests.framework in Frameworks */,
			);
			runOnlyForDeploymentPostprocessing = 0;
		};
/* End PBXFrameworksBuildPhase section */

/* Begin PBXGroup section */
		0A23D5B27E85299EA681FE3A /* Frameworks */ = {
			isa = PBXGroup;
			children = (
				830EA71B45708F42547DE3C2 /* Pods_Smart_Training_Log.framework */,
				03BA023BD59C9B0EE13F7AEB /* Pods_Smart_Training_LogTests.framework */,
			);
			name = Frameworks;
			sourceTree = "<group>";
		};
		667BC305DDAE6D281B7C04F6 /* Pods */ = {
			isa = PBXGroup;
			children = (
				59584B79FE0F4A3E77532D78 /* Pods-Smart Training Log.debug.xcconfig */,
				5F200C7318446E8B8D5AECEC /* Pods-Smart Training Log.release.xcconfig */,
				83CB36034396187753816885 /* Pods-Smart Training LogTests.debug.xcconfig */,
				53BDC99589586F6D7B3FA143 /* Pods-Smart Training LogTests.release.xcconfig */,
			);
			name = Pods;
			sourceTree = "<group>";
		};
		A72FDA4D21495D8B000311B0 = {
			isa = PBXGroup;
			children = (
				A72FDB0F2149648E000311B0 /* GoogleService-Info.plist */,
				A72FDA7C21495DB5000311B0 /* Third Party */,
				A72FDA5821495D8B000311B0 /* Smart Training Log */,
				A72FDA7021495D8C000311B0 /* Smart Training LogTests */,
				A72FDA5721495D8B000311B0 /* Products */,
				667BC305DDAE6D281B7C04F6 /* Pods */,
				0A23D5B27E85299EA681FE3A /* Frameworks */,
			);
			sourceTree = "<group>";
		};
		A72FDA5721495D8B000311B0 /* Products */ = {
			isa = PBXGroup;
			children = (
				A72FDA5621495D8B000311B0 /* Smart Training Log.app */,
				A72FDA6D21495D8C000311B0 /* Smart Training LogTests.xctest */,
			);
			name = Products;
			sourceTree = "<group>";
		};
		A72FDA5821495D8B000311B0 /* Smart Training Log */ = {
			isa = PBXGroup;
			children = (
				A7595D79214980B3007EDE67 /* STLKit */,
				A7595D6B214978CA007EDE67 /* Assets */,
				A7595D6A2149786F007EDE67 /* Models */,
				A7595D6721497789007EDE67 /* App Delegate */,
				A7595D6621497778007EDE67 /* Features */,
				A7595D652149776A007EDE67 /* Managers */,
				A72FDA6821495D8C000311B0 /* Info.plist */,
			);
			path = "Smart Training Log";
			sourceTree = "<group>";
		};
		A72FDA7021495D8C000311B0 /* Smart Training LogTests */ = {
			isa = PBXGroup;
			children = (
				A72FDA7121495D8C000311B0 /* Smart_Training_LogTests.swift */,
				A72FDA7321495D8C000311B0 /* Info.plist */,
			);
			path = "Smart Training LogTests";
			sourceTree = "<group>";
		};
		A72FDA7C21495DB5000311B0 /* Third Party */ = {
			isa = PBXGroup;
			children = (
				A72FDA8B21495E02000311B0 /* Horatio */,
			);
			path = "Third Party";
			sourceTree = "<group>";
		};
		A72FDA8B21495E02000311B0 /* Horatio */ = {
			isa = PBXGroup;
			children = (
				A72FDA8C21495E02000311B0 /* Classes */,
				A72FDACE21495E03000311B0 /* Horatio.h */,
			);
			path = Horatio;
			sourceTree = "<group>";
		};
		A72FDA8C21495E02000311B0 /* Classes */ = {
			isa = PBXGroup;
			children = (
				A72FDA8D21495E03000311B0 /* Features */,
				A72FDA9321495E03000311B0 /* Scheduler */,
				A72FDA9521495E03000311B0 /* Operations */,
				A72FDABC21495E03000311B0 /* Container */,
				A72FDABE21495E03000311B0 /* JSON */,
				A72FDAC221495E03000311B0 /* LICENSE.txt */,
				A72FDAC321495E03000311B0 /* Services */,
			);
			path = Classes;
			sourceTree = "<group>";
		};
		A72FDA8D21495E03000311B0 /* Features */ = {
			isa = PBXGroup;
			children = (
				A72FDA8E21495E03000311B0 /* FeatureSubject.swift */,
				A72FDA8F21495E03000311B0 /* VendorIDFeatureSubject.swift */,
				A72FDA9021495E03000311B0 /* FeatureManager.swift */,
				A72FDA9121495E03000311B0 /* FeatureSelector.swift */,
				A72FDA9221495E03000311B0 /* FeatureCondition.swift */,
			);
			path = Features;
			sourceTree = "<group>";
		};
		A72FDA9321495E03000311B0 /* Scheduler */ = {
			isa = PBXGroup;
			children = (
				A72FDA9421495E03000311B0 /* TaskScheduler.swift */,
			);
			path = Scheduler;
			sourceTree = "<group>";
		};
		A72FDA9521495E03000311B0 /* Operations */ = {
			isa = PBXGroup;
			children = (
				A72FDA9621495E03000311B0 /* RemoteNotificationCondition.swift */,
				A72FDA9721495E03000311B0 /* ReachabilityCondition.swift */,
				A72FDA9821495E03000311B0 /* PhotosCondition.swift */,
				A72FDA9921495E03000311B0 /* NSLock+Operations.swift */,
				A72FDA9A21495E03000311B0 /* Dictionary+Operations.swift */,
				A72FDA9B21495E03000311B0 /* LocationOperation.swift */,
				A72FDA9C21495E03000311B0 /* OperationObserver.swift */,
				A72FDA9D21495E03000311B0 /* NSObject+ThrowingKeyValueObserving.h */,
				A72FDA9E21495E03000311B0 /* NegatedCondition.swift */,
				A72FDA9F21495E03000311B0 /* PassbookCondition.swift */,
				A72FDAA021495E03000311B0 /* NoCancelledDependencies.swift */,
				A72FDAA121495E03000311B0 /* CKContainer+Operations.swift */,
				A72FDAA221495E03000311B0 /* UserNotificationCondition.swift */,
				A72FDAA321495E03000311B0 /* ExclusivityController.swift */,
				A72FDAA421495E03000311B0 /* CloudCondition.swift */,
				A72FDAA521495E03000311B0 /* SilentCondition.swift */,
				A72FDAA621495E03000311B0 /* HealthCondition.swift */,
				A72FDAA721495E03000311B0 /* GroupOperation.swift */,
				A72FDAA821495E03000311B0 /* BlockOperation.swift */,
				A72FDAA921495E03000311B0 /* LocationCondition.swift */,
				A72FDAAA21495E03000311B0 /* MutuallyExclusive.swift */,
				A72FDAAB21495E03000311B0 /* OperationCondition.swift */,
				A72FDAAC21495E03000311B0 /* URLSessionTaskOperation.swift */,
				A72FDAAD21495E03000311B0 /* OperationQueue.swift */,
				A72FDAAE21495E03000311B0 /* NSObject+ThrowingKeyValueObserving.m */,
				A72FDAAF21495E03000311B0 /* NSOperation+Operations.swift */,
				A72FDAB021495E03000311B0 /* DependencySuccessCondition.swift */,
				A72FDAB121495E03000311B0 /* UIUserNotifications+Operations.swift */,
				A72FDAB221495E03000311B0 /* AlertOperation.swift */,
				A72FDAB321495E03000311B0 /* NSURL+CacheFiles.swift */,
				A72FDAB421495E03000311B0 /* NetworkObserver.swift */,
				A72FDAB521495E03000311B0 /* LICENSE.txt */,
				A72FDAB621495E03000311B0 /* DelayOperation.swift */,
				A72FDAB721495E03000311B0 /* BlockObserver.swift */,
				A72FDAB821495E03000311B0 /* CalendarCondition.swift */,
				A72FDAB921495E03000311B0 /* OperationErrors.swift */,
				A72FDABA21495E03000311B0 /* Operation.swift */,
				A72FDABB21495E03000311B0 /* TimeoutObserver.swift */,
			);
			path = Operations;
			sourceTree = "<group>";
		};
		A72FDABC21495E03000311B0 /* Container */ = {
			isa = PBXGroup;
			children = (
				A72FDABD21495E03000311B0 /* Container.swift */,
			);
			path = Container;
			sourceTree = "<group>";
		};
		A72FDABE21495E03000311B0 /* JSON */ = {
			isa = PBXGroup;
			children = (
				A72FDABF21495E03000311B0 /* JSONServiceRequest.swift */,
				A72FDAC021495E03000311B0 /* JSONParsing.swift */,
				A72FDAC121495E03000311B0 /* JSONServiceResponseProcessor.swift */,
			);
			path = JSON;
			sourceTree = "<group>";
		};
		A72FDAC321495E03000311B0 /* Services */ = {
			isa = PBXGroup;
			children = (
				A72FDAC421495E03000311B0 /* Service.swift */,
				A72FDAC521495E03000311B0 /* ServiceRequest.swift */,
				A72FDAC621495E03000311B0 /* ServiceRequestConfigurator.swift */,
				A72FDAC721495E03000311B0 /* ServiceEndpoint+JSONParsing.swift */,
				A72FDAC821495E03000311B0 /* ServiceRequestStatus.swift */,
				A72FDAC921495E03000311B0 /* ServiceSession.swift */,
				A72FDACA21495E03000311B0 /* ServiceRequestDecorator.swift */,
				A72FDACB21495E03000311B0 /* ServiceRequestOperation.swift */,
				A72FDACC21495E03000311B0 /* ServiceEndpoint.swift */,
				A72FDACD21495E03000311B0 /* ServiceEndpointPathTransformer.swift */,
			);
			path = Services;
			sourceTree = "<group>";
		};
		A7595D652149776A007EDE67 /* Managers */ = {
			isa = PBXGroup;
			children = (
				A7595D6C214978E3007EDE67 /* StartupManager.swift */,
				A7595D6E214979C9007EDE67 /* PersistenceManager.swift */,
				A7595D8D214C3A07007EDE67 /* AuthenticationStore.swift */,
				A7702F6D2150359B0007484A /* DownloadCacheManager.swift */,
				A7702F7121504EB30007484A /* CloudStorageManager.swift */,
				A7702F73215071930007484A /* DatabaseManager.swift */,
			);
			path = Managers;
			sourceTree = "<group>";
		};
		A7595D6621497778007EDE67 /* Features */ = {
			isa = PBXGroup;
			children = (
				A7595DA0214D8259007EDE67 /* More */,
				A7595D9D214D7FEB007EDE67 /* Treatments */,
				A7595D7421497BF8007EDE67 /* Main */,
				A7595D7321497BF0007EDE67 /* Profile */,
				A7595D7221497BE2007EDE67 /* Login */,
			);
			path = Features;
			sourceTree = "<group>";
		};
		A7595D6721497789007EDE67 /* App Delegate */ = {
			isa = PBXGroup;
			children = (
				A72FDA5921495D8B000311B0 /* AppDelegate.swift */,
			);
			path = "App Delegate";
			sourceTree = "<group>";
		};
		A7595D6A2149786F007EDE67 /* Models */ = {
			isa = PBXGroup;
			children = (
				A72FDA6021495D8C000311B0 /* Smart_Training_Log.xcdatamodeld */,
				A7BB24B2214FE8160088A4C8 /* Sports.swift */,
				A725784C215705860086D0C7 /* Student.swift */,
				A7818EA92159558100836B6E /* Entitlements.swift */,
				A7818EAB21615FB900836B6E /* Treatments.swift */,
			);
			path = Models;
			sourceTree = "<group>";
		};
		A7595D6B214978CA007EDE67 /* Assets */ = {
			isa = PBXGroup;
			children = (
				A72FDA6321495D8C000311B0 /* Assets.xcassets */,
			);
			path = Assets;
			sourceTree = "<group>";
		};
		A7595D7221497BE2007EDE67 /* Login */ = {
			isa = PBXGroup;
			children = (
				A7595D7621497C90007EDE67 /* Login.storyboard */,
				A7595D872149B386007EDE67 /* LoginViewController.swift */,
				A7595D892149B3AF007EDE67 /* RegisterViewController.swift */,
			);
			path = Login;
			sourceTree = "<group>";
		};
		A7595D7321497BF0007EDE67 /* Profile */ = {
			isa = PBXGroup;
			children = (
				A7595D9B214D7F43007EDE67 /* Profile.storyboard */,
				A71B4801214E98B000700340 /* ProfileViewController.swift */,
				A71B4803214E9DF200700340 /* ProfileViewModel.swift */,
				A7BB24B0214FE4150088A4C8 /* EditProfileViewController.swift */,
			);
			name = Profile;
			path = Register;
			sourceTree = "<group>";
		};
		A7595D7421497BF8007EDE67 /* Main */ = {
			isa = PBXGroup;
			children = (
				A72FDA5D21495D8C000311B0 /* Main.storyboard */,
				A72FDA6521495D8C000311B0 /* LaunchScreen.storyboard */,
			);
			path = Main;
			sourceTree = "<group>";
		};
		A7595D79214980B3007EDE67 /* STLKit */ = {
			isa = PBXGroup;
			children = (
				A7702F6A21501B180007484A /* Service */,
				A7595D90214C5B12007EDE67 /* Segue */,
				A7595D8221499B08007EDE67 /* Views */,
				A7595D7B214980D3007EDE67 /* Palette */,
				A7595D7A214980C5007EDE67 /* Extensions */,
			);
			path = STLKit;
			sourceTree = "<group>";
		};
		A7595D7A214980C5007EDE67 /* Extensions */ = {
			isa = PBXGroup;
			children = (
				A7595D7E214985E7007EDE67 /* UIColorExtensions.swift */,
				A7595D8B2149CDA7007EDE67 /* StringExtensions.swift */,
				A7595D93214C5D82007EDE67 /* UIApplicationExtensions.swift */,
				A7595D95214D3A27007EDE67 /* UIViewExtensions.swift */,
				A772E35921529A32005FB9B5 /* UIImageExtensions.swift */,
			);
			path = Extensions;
			sourceTree = "<group>";
		};
		A7595D7B214980D3007EDE67 /* Palette */ = {
			isa = PBXGroup;
			children = (
				A7595D7C21498100007EDE67 /* Palette.swift */,
			);
			path = Palette;
			sourceTree = "<group>";
		};
		A7595D8221499B08007EDE67 /* Views */ = {
			isa = PBXGroup;
			children = (
				A7595D8321499B27007EDE67 /* UnderlineTextField.swift */,
				A7595D8521499C91007EDE67 /* RoundRectButton.swift */,
				A7595D97214D727E007EDE67 /* KeyboardReactiveScrollView.swift */,
				A7BB24AE214FDF370088A4C8 /* CircleImageView.swift */,
			);
			path = Views;
			sourceTree = "<group>";
		};
		A7595D90214C5B12007EDE67 /* Segue */ = {
			isa = PBXGroup;
			children = (
				A7595D91214C5BB8007EDE67 /* NavigationTransitionSegue.swift */,
			);
			path = Segue;
			sourceTree = "<group>";
		};
		A7595D9D214D7FEB007EDE67 /* Treatments */ = {
			isa = PBXGroup;
			children = (
				A7595D9E214D7FFA007EDE67 /* Treatments.storyboard */,
				A7BFE47021556F2C0064C0CB /* TreatmentsViewController.swift */,
				A7818EB1216173A200836B6E /* AddTreatmentViewController.swift */,
			);
			path = Treatments;
			sourceTree = "<group>";
		};
		A7595DA0214D8259007EDE67 /* More */ = {
			isa = PBXGroup;
			children = (
				A7595DA1214D8269007EDE67 /* More.storyboard */,
			);
			path = More;
			sourceTree = "<group>";
		};
		A7702F6A21501B180007484A /* Service */ = {
			isa = PBXGroup;
			children = (
				A7702F6B21501B450007484A /* ImageDownloadable.swift */,
				A7702F6F21503CD80007484A /* DownloadResourceService.swift */,
			);
			path = Service;
			sourceTree = "<group>";
		};
/* End PBXGroup section */

/* Begin PBXNativeTarget section */
		A72FDA5521495D8B000311B0 /* Smart Training Log */ = {
			isa = PBXNativeTarget;
			buildConfigurationList = A72FDA7621495D8C000311B0 /* Build configuration list for PBXNativeTarget "Smart Training Log" */;
			buildPhases = (
				AB9CC183BEF42B9282F3C8B4 /* [CP] Check Pods Manifest.lock */,
				A72FDA5221495D8B000311B0 /* Sources */,
				A72FDA5321495D8B000311B0 /* Frameworks */,
				A72FDA5421495D8B000311B0 /* Resources */,
				54B92A7BBD5A74795A5CF328 /* [CP] Embed Pods Frameworks */,
			);
			buildRules = (
			);
			dependencies = (
			);
			name = "Smart Training Log";
			productName = "Smart Training Log";
			productReference = A72FDA5621495D8B000311B0 /* Smart Training Log.app */;
			productType = "com.apple.product-type.application";
		};
		A72FDA6C21495D8C000311B0 /* Smart Training LogTests */ = {
			isa = PBXNativeTarget;
			buildConfigurationList = A72FDA7921495D8C000311B0 /* Build configuration list for PBXNativeTarget "Smart Training LogTests" */;
			buildPhases = (
				478059F0569EC9F858D02D8F /* [CP] Check Pods Manifest.lock */,
				A72FDA6921495D8C000311B0 /* Sources */,
				A72FDA6A21495D8C000311B0 /* Frameworks */,
				A72FDA6B21495D8C000311B0 /* Resources */,
			);
			buildRules = (
			);
			dependencies = (
				A72FDA6F21495D8C000311B0 /* PBXTargetDependency */,
			);
			name = "Smart Training LogTests";
			productName = "Smart Training LogTests";
			productReference = A72FDA6D21495D8C000311B0 /* Smart Training LogTests.xctest */;
			productType = "com.apple.product-type.bundle.unit-test";
		};
/* End PBXNativeTarget section */

/* Begin PBXProject section */
		A72FDA4E21495D8B000311B0 /* Project object */ = {
			isa = PBXProject;
			attributes = {
				LastSwiftUpdateCheck = 0930;
				LastUpgradeCheck = 0930;
				ORGANIZATIONNAME = CS4261;
				TargetAttributes = {
					A72FDA5521495D8B000311B0 = {
						CreatedOnToolsVersion = 9.3;
					};
					A72FDA6C21495D8C000311B0 = {
						CreatedOnToolsVersion = 9.3;
						TestTargetID = A72FDA5521495D8B000311B0;
					};
				};
			};
			buildConfigurationList = A72FDA5121495D8B000311B0 /* Build configuration list for PBXProject "Smart Training Log" */;
			compatibilityVersion = "Xcode 9.3";
			developmentRegion = en;
			hasScannedForEncodings = 0;
			knownRegions = (
				en,
				Base,
			);
			mainGroup = A72FDA4D21495D8B000311B0;
			productRefGroup = A72FDA5721495D8B000311B0 /* Products */;
			projectDirPath = "";
			projectRoot = "";
			targets = (
				A72FDA5521495D8B000311B0 /* Smart Training Log */,
				A72FDA6C21495D8C000311B0 /* Smart Training LogTests */,
			);
		};
/* End PBXProject section */

/* Begin PBXResourcesBuildPhase section */
		A72FDA5421495D8B000311B0 /* Resources */ = {
			isa = PBXResourcesBuildPhase;
			buildActionMask = 2147483647;
			files = (
				A72FDB0221495E03000311B0 /* LICENSE.txt in Resources */,
				A7595DA2214D8269007EDE67 /* More.storyboard in Resources */,
				A72FDA6721495D8C000311B0 /* LaunchScreen.storyboard in Resources */,
				A7595D9C214D7F43007EDE67 /* Profile.storyboard in Resources */,
				A7595D7721497C90007EDE67 /* Login.storyboard in Resources */,
				A72FDB102149648E000311B0 /* GoogleService-Info.plist in Resources */,
				A72FDA6421495D8C000311B0 /* Assets.xcassets in Resources */,
				A7818EAE216167C600836B6E /* Treatments.storyboard in Resources */,
				A72FDA5F21495D8C000311B0 /* Main.storyboard in Resources */,
			);
			runOnlyForDeploymentPostprocessing = 0;
		};
		A72FDA6B21495D8C000311B0 /* Resources */ = {
			isa = PBXResourcesBuildPhase;
			buildActionMask = 2147483647;
			files = (
			);
			runOnlyForDeploymentPostprocessing = 0;
		};
/* End PBXResourcesBuildPhase section */

/* Begin PBXShellScriptBuildPhase section */
		478059F0569EC9F858D02D8F /* [CP] Check Pods Manifest.lock */ = {
			isa = PBXShellScriptBuildPhase;
			buildActionMask = 2147483647;
			files = (
			);
			inputPaths = (
				"${PODS_PODFILE_DIR_PATH}/Podfile.lock",
				"${PODS_ROOT}/Manifest.lock",
			);
			name = "[CP] Check Pods Manifest.lock";
			outputPaths = (
				"$(DERIVED_FILE_DIR)/Pods-Smart Training LogTests-checkManifestLockResult.txt",
			);
			runOnlyForDeploymentPostprocessing = 0;
			shellPath = /bin/sh;
			shellScript = "diff \"${PODS_PODFILE_DIR_PATH}/Podfile.lock\" \"${PODS_ROOT}/Manifest.lock\" > /dev/null\nif [ $? != 0 ] ; then\n    # print error to STDERR\n    echo \"error: The sandbox is not in sync with the Podfile.lock. Run 'pod install' or update your CocoaPods installation.\" >&2\n    exit 1\nfi\n# This output is used by Xcode 'outputs' to avoid re-running this script phase.\necho \"SUCCESS\" > \"${SCRIPT_OUTPUT_FILE_0}\"\n";
			showEnvVarsInLog = 0;
		};
		54B92A7BBD5A74795A5CF328 /* [CP] Embed Pods Frameworks */ = {
			isa = PBXShellScriptBuildPhase;
			buildActionMask = 2147483647;
			files = (
			);
			inputPaths = (
				"${SRCROOT}/Pods/Target Support Files/Pods-Smart Training Log/Pods-Smart Training Log-frameworks.sh",
				"${BUILT_PRODUCTS_DIR}/GTMSessionFetcher/GTMSessionFetcher.framework",
				"${BUILT_PRODUCTS_DIR}/GoogleUtilities/GoogleUtilities.framework",
				"${BUILT_PRODUCTS_DIR}/KeychainSwift/KeychainSwift.framework",
				"${BUILT_PRODUCTS_DIR}/Observable/Observable.framework",
				"${BUILT_PRODUCTS_DIR}/leveldb-library/leveldb.framework",
				"${BUILT_PRODUCTS_DIR}/nanopb/nanopb.framework",
			);
			name = "[CP] Embed Pods Frameworks";
			outputPaths = (
				"${TARGET_BUILD_DIR}/${FRAMEWORKS_FOLDER_PATH}/GTMSessionFetcher.framework",
				"${TARGET_BUILD_DIR}/${FRAMEWORKS_FOLDER_PATH}/GoogleUtilities.framework",
				"${TARGET_BUILD_DIR}/${FRAMEWORKS_FOLDER_PATH}/KeychainSwift.framework",
				"${TARGET_BUILD_DIR}/${FRAMEWORKS_FOLDER_PATH}/Observable.framework",
				"${TARGET_BUILD_DIR}/${FRAMEWORKS_FOLDER_PATH}/leveldb.framework",
				"${TARGET_BUILD_DIR}/${FRAMEWORKS_FOLDER_PATH}/nanopb.framework",
			);
			runOnlyForDeploymentPostprocessing = 0;
			shellPath = /bin/sh;
			shellScript = "\"${SRCROOT}/Pods/Target Support Files/Pods-Smart Training Log/Pods-Smart Training Log-frameworks.sh\"\n";
			showEnvVarsInLog = 0;
		};
		AB9CC183BEF42B9282F3C8B4 /* [CP] Check Pods Manifest.lock */ = {
			isa = PBXShellScriptBuildPhase;
			buildActionMask = 2147483647;
			files = (
			);
			inputPaths = (
				"${PODS_PODFILE_DIR_PATH}/Podfile.lock",
				"${PODS_ROOT}/Manifest.lock",
			);
			name = "[CP] Check Pods Manifest.lock";
			outputPaths = (
				"$(DERIVED_FILE_DIR)/Pods-Smart Training Log-checkManifestLockResult.txt",
			);
			runOnlyForDeploymentPostprocessing = 0;
			shellPath = /bin/sh;
			shellScript = "diff \"${PODS_PODFILE_DIR_PATH}/Podfile.lock\" \"${PODS_ROOT}/Manifest.lock\" > /dev/null\nif [ $? != 0 ] ; then\n    # print error to STDERR\n    echo \"error: The sandbox is not in sync with the Podfile.lock. Run 'pod install' or update your CocoaPods installation.\" >&2\n    exit 1\nfi\n# This output is used by Xcode 'outputs' to avoid re-running this script phase.\necho \"SUCCESS\" > \"${SCRIPT_OUTPUT_FILE_0}\"\n";
			showEnvVarsInLog = 0;
		};
/* End PBXShellScriptBuildPhase section */

/* Begin PBXSourcesBuildPhase section */
		A72FDA5221495D8B000311B0 /* Sources */ = {
			isa = PBXSourcesBuildPhase;
			buildActionMask = 2147483647;
			files = (
				A7595D882149B386007EDE67 /* LoginViewController.swift in Sources */,
				A72FDAF121495E03000311B0 /* NSOperation+Operations.swift in Sources */,
				A7595D94214C5D82007EDE67 /* UIApplicationExtensions.swift in Sources */,
				A72FDB0321495E03000311B0 /* Service.swift in Sources */,
				A7595D96214D3A27007EDE67 /* UIViewExtensions.swift in Sources */,
				A72FDAE021495E03000311B0 /* NegatedCondition.swift in Sources */,
				A72FDADC21495E03000311B0 /* NSLock+Operations.swift in Sources */,
				A72FDB0621495E03000311B0 /* ServiceEndpoint+JSONParsing.swift in Sources */,
				A72FDB0921495E03000311B0 /* ServiceRequestDecorator.swift in Sources */,
				A72FDAEA21495E03000311B0 /* BlockOperation.swift in Sources */,
				A72FDA6221495D8C000311B0 /* Smart_Training_Log.xcdatamodeld in Sources */,
				A72FDAEC21495E03000311B0 /* MutuallyExclusive.swift in Sources */,
				A72FDAD921495E03000311B0 /* RemoteNotificationCondition.swift in Sources */,
				A72FDAD821495E03000311B0 /* TaskScheduler.swift in Sources */,
				A72FDADA21495E03000311B0 /* ReachabilityCondition.swift in Sources */,
				A72FDADB21495E03000311B0 /* PhotosCondition.swift in Sources */,
				A7595D6F214979C9007EDE67 /* PersistenceManager.swift in Sources */,
				A7595D8E214C3A07007EDE67 /* AuthenticationStore.swift in Sources */,
				A772E35A21529A32005FB9B5 /* UIImageExtensions.swift in Sources */,
				A72FDAF921495E03000311B0 /* BlockObserver.swift in Sources */,
				A72FDAFE21495E03000311B0 /* Container.swift in Sources */,
				A7595D98214D727E007EDE67 /* KeyboardReactiveScrollView.swift in Sources */,
				A72FDAED21495E03000311B0 /* OperationCondition.swift in Sources */,
				A7595D6D214978E3007EDE67 /* StartupManager.swift in Sources */,
				A7595D8421499B27007EDE67 /* UnderlineTextField.swift in Sources */,
				A7818EAA2159558100836B6E /* Entitlements.swift in Sources */,
				A72FDB0121495E03000311B0 /* JSONServiceResponseProcessor.swift in Sources */,
				A72FDAE821495E03000311B0 /* HealthCondition.swift in Sources */,
				A7818EB2216173A200836B6E /* AddTreatmentViewController.swift in Sources */,
				A72FDAFA21495E03000311B0 /* CalendarCondition.swift in Sources */,
				A72FDAE221495E03000311B0 /* NoCancelledDependencies.swift in Sources */,
				A7BB24B1214FE4150088A4C8 /* EditProfileViewController.swift in Sources */,
				A7595D7D21498100007EDE67 /* Palette.swift in Sources */,
				A7818EAC21615FB900836B6E /* Treatments.swift in Sources */,
				A72FDB0B21495E03000311B0 /* ServiceEndpoint.swift in Sources */,
				A7BB24B3214FE8160088A4C8 /* Sports.swift in Sources */,
				A7702F74215071930007484A /* DatabaseManager.swift in Sources */,
				A71B4804214E9DF200700340 /* ProfileViewModel.swift in Sources */,
				A72FDAFD21495E03000311B0 /* TimeoutObserver.swift in Sources */,
				A7595D8621499C91007EDE67 /* RoundRectButton.swift in Sources */,
				A72FDAE621495E03000311B0 /* CloudCondition.swift in Sources */,
				A72FDB0A21495E03000311B0 /* ServiceRequestOperation.swift in Sources */,
				A72FDAD321495E03000311B0 /* FeatureSubject.swift in Sources */,
				A72FDAD721495E03000311B0 /* FeatureCondition.swift in Sources */,
				A72FDAEF21495E03000311B0 /* OperationQueue.swift in Sources */,
				A72FDAE121495E03000311B0 /* PassbookCondition.swift in Sources */,
				A72FDAD621495E03000311B0 /* FeatureSelector.swift in Sources */,
				A72FDB0421495E03000311B0 /* ServiceRequest.swift in Sources */,
				A72FDB0021495E03000311B0 /* JSONParsing.swift in Sources */,
				A7595D8C2149CDA7007EDE67 /* StringExtensions.swift in Sources */,
				A72FDADF21495E03000311B0 /* OperationObserver.swift in Sources */,
				A71B4802214E98B000700340 /* ProfileViewController.swift in Sources */,
				A72FDAE321495E03000311B0 /* CKContainer+Operations.swift in Sources */,
				A72FDAE721495E03000311B0 /* SilentCondition.swift in Sources */,
				A72FDADD21495E03000311B0 /* Dictionary+Operations.swift in Sources */,
				A72FDAF021495E03000311B0 /* NSObject+ThrowingKeyValueObserving.m in Sources */,
				A7595D7F214985E7007EDE67 /* UIColorExtensions.swift in Sources */,
				A72FDAFC21495E03000311B0 /* Operation.swift in Sources */,
				A7BFE47121556F2C0064C0CB /* TreatmentsViewController.swift in Sources */,
				A725784D215705860086D0C7 /* Student.swift in Sources */,
				A7702F6C21501B450007484A /* ImageDownloadable.swift in Sources */,
				A72FDAEE21495E03000311B0 /* URLSessionTaskOperation.swift in Sources */,
				A7702F7021503CD80007484A /* DownloadResourceService.swift in Sources */,
				A72FDAE521495E03000311B0 /* ExclusivityController.swift in Sources */,
				A72FDAF521495E03000311B0 /* NSURL+CacheFiles.swift in Sources */,
				A72FDA5A21495D8B000311B0 /* AppDelegate.swift in Sources */,
				A7BB24AF214FDF370088A4C8 /* CircleImageView.swift in Sources */,
				A7702F6E2150359B0007484A /* DownloadCacheManager.swift in Sources */,
				A72FDB0721495E03000311B0 /* ServiceRequestStatus.swift in Sources */,
				A72FDAF221495E03000311B0 /* DependencySuccessCondition.swift in Sources */,
				A7702F7221504EB30007484A /* CloudStorageManager.swift in Sources */,
				A72FDAD521495E03000311B0 /* FeatureManager.swift in Sources */,
				A72FDB0521495E03000311B0 /* ServiceRequestConfigurator.swift in Sources */,
				A72FDAEB21495E03000311B0 /* LocationCondition.swift in Sources */,
				A72FDAF621495E03000311B0 /* NetworkObserver.swift in Sources */,
				A72FDB0C21495E03000311B0 /* ServiceEndpointPathTransformer.swift in Sources */,
				A72FDAF421495E03000311B0 /* AlertOperation.swift in Sources */,
				A72FDAFF21495E03000311B0 /* JSONServiceRequest.swift in Sources */,
				A72FDAE921495E03000311B0 /* GroupOperation.swift in Sources */,
				A72FDAD421495E03000311B0 /* VendorIDFeatureSubject.swift in Sources */,
				A7595D92214C5BB8007EDE67 /* NavigationTransitionSegue.swift in Sources */,
				A7595D8A2149B3AF007EDE67 /* RegisterViewController.swift in Sources */,
				A72FDB0821495E03000311B0 /* ServiceSession.swift in Sources */,
				A72FDADE21495E03000311B0 /* LocationOperation.swift in Sources */,
				A72FDAFB21495E03000311B0 /* OperationErrors.swift in Sources */,
				A72FDAF821495E03000311B0 /* DelayOperation.swift in Sources */,
			);
			runOnlyForDeploymentPostprocessing = 0;
		};
		A72FDA6921495D8C000311B0 /* Sources */ = {
			isa = PBXSourcesBuildPhase;
			buildActionMask = 2147483647;
			files = (
				A72FDA7221495D8C000311B0 /* Smart_Training_LogTests.swift in Sources */,
			);
			runOnlyForDeploymentPostprocessing = 0;
		};
/* End PBXSourcesBuildPhase section */

/* Begin PBXTargetDependency section */
		A72FDA6F21495D8C000311B0 /* PBXTargetDependency */ = {
			isa = PBXTargetDependency;
			target = A72FDA5521495D8B000311B0 /* Smart Training Log */;
			targetProxy = A72FDA6E21495D8C000311B0 /* PBXContainerItemProxy */;
		};
/* End PBXTargetDependency section */

/* Begin PBXVariantGroup section */
		A72FDA5D21495D8C000311B0 /* Main.storyboard */ = {
			isa = PBXVariantGroup;
			children = (
				A72FDA5E21495D8C000311B0 /* Base */,
			);
			name = Main.storyboard;
			sourceTree = "<group>";
		};
		A72FDA6521495D8C000311B0 /* LaunchScreen.storyboard */ = {
			isa = PBXVariantGroup;
			children = (
				A72FDA6621495D8C000311B0 /* Base */,
			);
			name = LaunchScreen.storyboard;
			sourceTree = "<group>";
		};
/* End PBXVariantGroup section */

/* Begin XCBuildConfiguration section */
		A72FDA7421495D8C000311B0 /* Debug */ = {
			isa = XCBuildConfiguration;
			buildSettings = {
				ALWAYS_SEARCH_USER_PATHS = NO;
				CLANG_ANALYZER_NONNULL = YES;
				CLANG_ANALYZER_NUMBER_OBJECT_CONVERSION = YES_AGGRESSIVE;
				CLANG_CXX_LANGUAGE_STANDARD = "gnu++14";
				CLANG_CXX_LIBRARY = "libc++";
				CLANG_ENABLE_MODULES = YES;
				CLANG_ENABLE_OBJC_ARC = YES;
				CLANG_ENABLE_OBJC_WEAK = YES;
				CLANG_WARN_BLOCK_CAPTURE_AUTORELEASING = YES;
				CLANG_WARN_BOOL_CONVERSION = YES;
				CLANG_WARN_COMMA = YES;
				CLANG_WARN_CONSTANT_CONVERSION = YES;
				CLANG_WARN_DEPRECATED_OBJC_IMPLEMENTATIONS = YES;
				CLANG_WARN_DIRECT_OBJC_ISA_USAGE = YES_ERROR;
				CLANG_WARN_DOCUMENTATION_COMMENTS = YES;
				CLANG_WARN_EMPTY_BODY = YES;
				CLANG_WARN_ENUM_CONVERSION = YES;
				CLANG_WARN_INFINITE_RECURSION = YES;
				CLANG_WARN_INT_CONVERSION = YES;
				CLANG_WARN_NON_LITERAL_NULL_CONVERSION = YES;
				CLANG_WARN_OBJC_IMPLICIT_RETAIN_SELF = YES;
				CLANG_WARN_OBJC_LITERAL_CONVERSION = YES;
				CLANG_WARN_OBJC_ROOT_CLASS = YES_ERROR;
				CLANG_WARN_RANGE_LOOP_ANALYSIS = YES;
				CLANG_WARN_STRICT_PROTOTYPES = YES;
				CLANG_WARN_SUSPICIOUS_MOVE = YES;
				CLANG_WARN_UNGUARDED_AVAILABILITY = YES_AGGRESSIVE;
				CLANG_WARN_UNREACHABLE_CODE = YES;
				CLANG_WARN__DUPLICATE_METHOD_MATCH = YES;
				CODE_SIGN_IDENTITY = "iPhone Developer";
				COPY_PHASE_STRIP = NO;
				DEBUG_INFORMATION_FORMAT = dwarf;
				ENABLE_STRICT_OBJC_MSGSEND = YES;
				ENABLE_TESTABILITY = YES;
				GCC_C_LANGUAGE_STANDARD = gnu11;
				GCC_DYNAMIC_NO_PIC = NO;
				GCC_NO_COMMON_BLOCKS = YES;
				GCC_OPTIMIZATION_LEVEL = 0;
				GCC_PREPROCESSOR_DEFINITIONS = (
					"DEBUG=1",
					"$(inherited)",
				);
				GCC_WARN_64_TO_32_BIT_CONVERSION = YES;
				GCC_WARN_ABOUT_RETURN_TYPE = YES_ERROR;
				GCC_WARN_UNDECLARED_SELECTOR = YES;
				GCC_WARN_UNINITIALIZED_AUTOS = YES_AGGRESSIVE;
				GCC_WARN_UNUSED_FUNCTION = YES;
				GCC_WARN_UNUSED_VARIABLE = YES;
				IPHONEOS_DEPLOYMENT_TARGET = 10.0;
				MTL_ENABLE_DEBUG_INFO = YES;
				ONLY_ACTIVE_ARCH = YES;
				SDKROOT = iphoneos;
				SWIFT_ACTIVE_COMPILATION_CONDITIONS = DEBUG;
				SWIFT_OPTIMIZATION_LEVEL = "-Onone";
			};
			name = Debug;
		};
		A72FDA7521495D8C000311B0 /* Release */ = {
			isa = XCBuildConfiguration;
			buildSettings = {
				ALWAYS_SEARCH_USER_PATHS = NO;
				CLANG_ANALYZER_NONNULL = YES;
				CLANG_ANALYZER_NUMBER_OBJECT_CONVERSION = YES_AGGRESSIVE;
				CLANG_CXX_LANGUAGE_STANDARD = "gnu++14";
				CLANG_CXX_LIBRARY = "libc++";
				CLANG_ENABLE_MODULES = YES;
				CLANG_ENABLE_OBJC_ARC = YES;
				CLANG_ENABLE_OBJC_WEAK = YES;
				CLANG_WARN_BLOCK_CAPTURE_AUTORELEASING = YES;
				CLANG_WARN_BOOL_CONVERSION = YES;
				CLANG_WARN_COMMA = YES;
				CLANG_WARN_CONSTANT_CONVERSION = YES;
				CLANG_WARN_DEPRECATED_OBJC_IMPLEMENTATIONS = YES;
				CLANG_WARN_DIRECT_OBJC_ISA_USAGE = YES_ERROR;
				CLANG_WARN_DOCUMENTATION_COMMENTS = YES;
				CLANG_WARN_EMPTY_BODY = YES;
				CLANG_WARN_ENUM_CONVERSION = YES;
				CLANG_WARN_INFINITE_RECURSION = YES;
				CLANG_WARN_INT_CONVERSION = YES;
				CLANG_WARN_NON_LITERAL_NULL_CONVERSION = YES;
				CLANG_WARN_OBJC_IMPLICIT_RETAIN_SELF = YES;
				CLANG_WARN_OBJC_LITERAL_CONVERSION = YES;
				CLANG_WARN_OBJC_ROOT_CLASS = YES_ERROR;
				CLANG_WARN_RANGE_LOOP_ANALYSIS = YES;
				CLANG_WARN_STRICT_PROTOTYPES = YES;
				CLANG_WARN_SUSPICIOUS_MOVE = YES;
				CLANG_WARN_UNGUARDED_AVAILABILITY = YES_AGGRESSIVE;
				CLANG_WARN_UNREACHABLE_CODE = YES;
				CLANG_WARN__DUPLICATE_METHOD_MATCH = YES;
				CODE_SIGN_IDENTITY = "iPhone Developer";
				COPY_PHASE_STRIP = NO;
				DEBUG_INFORMATION_FORMAT = "dwarf-with-dsym";
				ENABLE_NS_ASSERTIONS = NO;
				ENABLE_STRICT_OBJC_MSGSEND = YES;
				GCC_C_LANGUAGE_STANDARD = gnu11;
				GCC_NO_COMMON_BLOCKS = YES;
				GCC_WARN_64_TO_32_BIT_CONVERSION = YES;
				GCC_WARN_ABOUT_RETURN_TYPE = YES_ERROR;
				GCC_WARN_UNDECLARED_SELECTOR = YES;
				GCC_WARN_UNINITIALIZED_AUTOS = YES_AGGRESSIVE;
				GCC_WARN_UNUSED_FUNCTION = YES;
				GCC_WARN_UNUSED_VARIABLE = YES;
				IPHONEOS_DEPLOYMENT_TARGET = 10.0;
				MTL_ENABLE_DEBUG_INFO = NO;
				SDKROOT = iphoneos;
				SWIFT_COMPILATION_MODE = wholemodule;
				SWIFT_OPTIMIZATION_LEVEL = "-O";
				VALIDATE_PRODUCT = YES;
			};
			name = Release;
		};
		A72FDA7721495D8C000311B0 /* Debug */ = {
			isa = XCBuildConfiguration;
			baseConfigurationReference = 59584B79FE0F4A3E77532D78 /* Pods-Smart Training Log.debug.xcconfig */;
			buildSettings = {
				ASSETCATALOG_COMPILER_APPICON_NAME = AppIcon;
				CODE_SIGN_STYLE = Automatic;
				DEVELOPMENT_TEAM = 5XK7JHWX2X;
				INFOPLIST_FILE = "Smart Training Log/Info.plist";
				IPHONEOS_DEPLOYMENT_TARGET = 10.0;
				LD_RUNPATH_SEARCH_PATHS = (
					"$(inherited)",
					"@executable_path/Frameworks",
				);
				PRODUCT_BUNDLE_IDENTIFIER = "cs4261.Smart-Training-Log";
				PRODUCT_NAME = "$(TARGET_NAME)";
				SWIFT_VERSION = 4.0;
				TARGETED_DEVICE_FAMILY = "1,2";
			};
			name = Debug;
		};
		A72FDA7821495D8C000311B0 /* Release */ = {
			isa = XCBuildConfiguration;
			baseConfigurationReference = 5F200C7318446E8B8D5AECEC /* Pods-Smart Training Log.release.xcconfig */;
			buildSettings = {
				ASSETCATALOG_COMPILER_APPICON_NAME = AppIcon;
				CODE_SIGN_STYLE = Automatic;
				DEVELOPMENT_TEAM = 5XK7JHWX2X;
				INFOPLIST_FILE = "Smart Training Log/Info.plist";
				IPHONEOS_DEPLOYMENT_TARGET = 10.0;
				LD_RUNPATH_SEARCH_PATHS = (
					"$(inherited)",
					"@executable_path/Frameworks",
				);
				PRODUCT_BUNDLE_IDENTIFIER = "cs4261.Smart-Training-Log";
				PRODUCT_NAME = "$(TARGET_NAME)";
				SWIFT_VERSION = 4.0;
				TARGETED_DEVICE_FAMILY = "1,2";
			};
			name = Release;
		};
		A72FDA7A21495D8C000311B0 /* Debug */ = {
			isa = XCBuildConfiguration;
			baseConfigurationReference = 83CB36034396187753816885 /* Pods-Smart Training LogTests.debug.xcconfig */;
			buildSettings = {
				ALWAYS_EMBED_SWIFT_STANDARD_LIBRARIES = YES;
				BUNDLE_LOADER = "$(TEST_HOST)";
				CODE_SIGN_STYLE = Automatic;
				DEVELOPMENT_TEAM = 5XK7JHWX2X;
				INFOPLIST_FILE = "Smart Training LogTests/Info.plist";
				LD_RUNPATH_SEARCH_PATHS = (
					"$(inherited)",
					"@executable_path/Frameworks",
					"@loader_path/Frameworks",
				);
				PRODUCT_BUNDLE_IDENTIFIER = "cs4261.Smart-Training-LogTests";
				PRODUCT_NAME = "$(TARGET_NAME)";
				SWIFT_VERSION = 4.0;
				TARGETED_DEVICE_FAMILY = "1,2";
				TEST_HOST = "$(BUILT_PRODUCTS_DIR)/Smart Training Log.app/Smart Training Log";
			};
			name = Debug;
		};
		A72FDA7B21495D8C000311B0 /* Release */ = {
			isa = XCBuildConfiguration;
			baseConfigurationReference = 53BDC99589586F6D7B3FA143 /* Pods-Smart Training LogTests.release.xcconfig */;
			buildSettings = {
				ALWAYS_EMBED_SWIFT_STANDARD_LIBRARIES = YES;
				BUNDLE_LOADER = "$(TEST_HOST)";
				CODE_SIGN_STYLE = Automatic;
				DEVELOPMENT_TEAM = 5XK7JHWX2X;
				INFOPLIST_FILE = "Smart Training LogTests/Info.plist";
				LD_RUNPATH_SEARCH_PATHS = (
					"$(inherited)",
					"@executable_path/Frameworks",
					"@loader_path/Frameworks",
				);
				PRODUCT_BUNDLE_IDENTIFIER = "cs4261.Smart-Training-LogTests";
				PRODUCT_NAME = "$(TARGET_NAME)";
				SWIFT_VERSION = 4.0;
				TARGETED_DEVICE_FAMILY = "1,2";
				TEST_HOST = "$(BUILT_PRODUCTS_DIR)/Smart Training Log.app/Smart Training Log";
			};
			name = Release;
		};
/* End XCBuildConfiguration section */

/* Begin XCConfigurationList section */
		A72FDA5121495D8B000311B0 /* Build configuration list for PBXProject "Smart Training Log" */ = {
			isa = XCConfigurationList;
			buildConfigurations = (
				A72FDA7421495D8C000311B0 /* Debug */,
				A72FDA7521495D8C000311B0 /* Release */,
			);
			defaultConfigurationIsVisible = 0;
			defaultConfigurationName = Release;
		};
		A72FDA7621495D8C000311B0 /* Build configuration list for PBXNativeTarget "Smart Training Log" */ = {
			isa = XCConfigurationList;
			buildConfigurations = (
				A72FDA7721495D8C000311B0 /* Debug */,
				A72FDA7821495D8C000311B0 /* Release */,
			);
			defaultConfigurationIsVisible = 0;
			defaultConfigurationName = Release;
		};
		A72FDA7921495D8C000311B0 /* Build configuration list for PBXNativeTarget "Smart Training LogTests" */ = {
			isa = XCConfigurationList;
			buildConfigurations = (
				A72FDA7A21495D8C000311B0 /* Debug */,
				A72FDA7B21495D8C000311B0 /* Release */,
			);
			defaultConfigurationIsVisible = 0;
			defaultConfigurationName = Release;
		};
/* End XCConfigurationList section */

/* Begin XCVersionGroup section */
		A72FDA6021495D8C000311B0 /* Smart_Training_Log.xcdatamodeld */ = {
			isa = XCVersionGroup;
			children = (
				A72FDA6121495D8C000311B0 /* Smart_Training_Log.xcdatamodel */,
			);
			currentVersion = A72FDA6121495D8C000311B0 /* Smart_Training_Log.xcdatamodel */;
			path = Smart_Training_Log.xcdatamodeld;
			sourceTree = "<group>";
			versionGroupType = wrapper.xcdatamodel;
		};
/* End XCVersionGroup section */
	};
	rootObject = A72FDA4E21495D8B000311B0 /* Project object */;
}
