// !$*UTF8*$!
{
	archiveVersion = 1;
	classes = {
	};
	objectVersion = 50;
	objects = {

/* Begin PBXBuildFile section */
		A75C5103214955F0000461E8 /* LICENSE in Resources */ = {isa = PBXBuildFile; fileRef = A75C506F214955EF000461E8 /* LICENSE */; };
		A75C5104214955F0000461E8 /* Horatio.podspec in Resources */ = {isa = PBXBuildFile; fileRef = A75C5070214955EF000461E8 /* Horatio.podspec */; };
		A75C5105214955F0000461E8 /* README.md in Resources */ = {isa = PBXBuildFile; fileRef = A75C5071214955EF000461E8 /* README.md */; };
		A75C5106214955F0000461E8 /* FeatureSubject.swift in Sources */ = {isa = PBXBuildFile; fileRef = A75C5079214955EF000461E8 /* FeatureSubject.swift */; };
		A75C5107214955F0000461E8 /* VendorIDFeatureSubject.swift in Sources */ = {isa = PBXBuildFile; fileRef = A75C507A214955EF000461E8 /* VendorIDFeatureSubject.swift */; };
		A75C5108214955F0000461E8 /* FeatureManager.swift in Sources */ = {isa = PBXBuildFile; fileRef = A75C507B214955EF000461E8 /* FeatureManager.swift */; };
		A75C5109214955F0000461E8 /* FeatureSelector.swift in Sources */ = {isa = PBXBuildFile; fileRef = A75C507C214955EF000461E8 /* FeatureSelector.swift */; };
		A75C510A214955F0000461E8 /* FeatureCondition.swift in Sources */ = {isa = PBXBuildFile; fileRef = A75C507D214955EF000461E8 /* FeatureCondition.swift */; };
		A75C510B214955F0000461E8 /* TaskScheduler.swift in Sources */ = {isa = PBXBuildFile; fileRef = A75C507F214955EF000461E8 /* TaskScheduler.swift */; };
		A75C510C214955F0000461E8 /* RemoteNotificationCondition.swift in Sources */ = {isa = PBXBuildFile; fileRef = A75C5081214955EF000461E8 /* RemoteNotificationCondition.swift */; };
		A75C510D214955F0000461E8 /* ReachabilityCondition.swift in Sources */ = {isa = PBXBuildFile; fileRef = A75C5082214955EF000461E8 /* ReachabilityCondition.swift */; };
		A75C510E214955F0000461E8 /* PhotosCondition.swift in Sources */ = {isa = PBXBuildFile; fileRef = A75C5083214955EF000461E8 /* PhotosCondition.swift */; };
		A75C510F214955F0000461E8 /* NSLock+Operations.swift in Sources */ = {isa = PBXBuildFile; fileRef = A75C5084214955EF000461E8 /* NSLock+Operations.swift */; };
		A75C5110214955F0000461E8 /* Dictionary+Operations.swift in Sources */ = {isa = PBXBuildFile; fileRef = A75C5085214955EF000461E8 /* Dictionary+Operations.swift */; };
		A75C5111214955F0000461E8 /* LocationOperation.swift in Sources */ = {isa = PBXBuildFile; fileRef = A75C5086214955EF000461E8 /* LocationOperation.swift */; };
		A75C5112214955F0000461E8 /* OperationObserver.swift in Sources */ = {isa = PBXBuildFile; fileRef = A75C5087214955EF000461E8 /* OperationObserver.swift */; };
		A75C5113214955F0000461E8 /* NegatedCondition.swift in Sources */ = {isa = PBXBuildFile; fileRef = A75C5089214955EF000461E8 /* NegatedCondition.swift */; };
		A75C5114214955F0000461E8 /* PassbookCondition.swift in Sources */ = {isa = PBXBuildFile; fileRef = A75C508A214955EF000461E8 /* PassbookCondition.swift */; };
		A75C5115214955F0000461E8 /* NoCancelledDependencies.swift in Sources */ = {isa = PBXBuildFile; fileRef = A75C508B214955EF000461E8 /* NoCancelledDependencies.swift */; };
		A75C5116214955F0000461E8 /* CKContainer+Operations.swift in Sources */ = {isa = PBXBuildFile; fileRef = A75C508C214955EF000461E8 /* CKContainer+Operations.swift */; };
		A75C5117214955F0000461E8 /* UserNotificationCondition.swift in Sources */ = {isa = PBXBuildFile; fileRef = A75C508D214955EF000461E8 /* UserNotificationCondition.swift */; };
		A75C5118214955F0000461E8 /* ExclusivityController.swift in Sources */ = {isa = PBXBuildFile; fileRef = A75C508E214955EF000461E8 /* ExclusivityController.swift */; };
		A75C5119214955F0000461E8 /* CloudCondition.swift in Sources */ = {isa = PBXBuildFile; fileRef = A75C508F214955EF000461E8 /* CloudCondition.swift */; };
		A75C511A214955F0000461E8 /* SilentCondition.swift in Sources */ = {isa = PBXBuildFile; fileRef = A75C5090214955EF000461E8 /* SilentCondition.swift */; };
		A75C511B214955F0000461E8 /* HealthCondition.swift in Sources */ = {isa = PBXBuildFile; fileRef = A75C5091214955EF000461E8 /* HealthCondition.swift */; };
		A75C511C214955F0000461E8 /* GroupOperation.swift in Sources */ = {isa = PBXBuildFile; fileRef = A75C5092214955EF000461E8 /* GroupOperation.swift */; };
		A75C511D214955F0000461E8 /* BlockOperation.swift in Sources */ = {isa = PBXBuildFile; fileRef = A75C5093214955EF000461E8 /* BlockOperation.swift */; };
		A75C511E214955F0000461E8 /* LocationCondition.swift in Sources */ = {isa = PBXBuildFile; fileRef = A75C5094214955EF000461E8 /* LocationCondition.swift */; };
		A75C511F214955F0000461E8 /* MutuallyExclusive.swift in Sources */ = {isa = PBXBuildFile; fileRef = A75C5095214955EF000461E8 /* MutuallyExclusive.swift */; };
		A75C5120214955F0000461E8 /* OperationCondition.swift in Sources */ = {isa = PBXBuildFile; fileRef = A75C5096214955EF000461E8 /* OperationCondition.swift */; };
		A75C5121214955F0000461E8 /* URLSessionTaskOperation.swift in Sources */ = {isa = PBXBuildFile; fileRef = A75C5097214955EF000461E8 /* URLSessionTaskOperation.swift */; };
		A75C5122214955F0000461E8 /* OperationQueue.swift in Sources */ = {isa = PBXBuildFile; fileRef = A75C5098214955EF000461E8 /* OperationQueue.swift */; };
		A75C5123214955F0000461E8 /* NSObject+ThrowingKeyValueObserving.m in Sources */ = {isa = PBXBuildFile; fileRef = A75C5099214955EF000461E8 /* NSObject+ThrowingKeyValueObserving.m */; };
		A75C5124214955F0000461E8 /* NSOperation+Operations.swift in Sources */ = {isa = PBXBuildFile; fileRef = A75C509A214955EF000461E8 /* NSOperation+Operations.swift */; };
		A75C5125214955F0000461E8 /* DependencySuccessCondition.swift in Sources */ = {isa = PBXBuildFile; fileRef = A75C509B214955EF000461E8 /* DependencySuccessCondition.swift */; };
		A75C5126214955F0000461E8 /* UIUserNotifications+Operations.swift in Sources */ = {isa = PBXBuildFile; fileRef = A75C509C214955EF000461E8 /* UIUserNotifications+Operations.swift */; };
		A75C5127214955F0000461E8 /* AlertOperation.swift in Sources */ = {isa = PBXBuildFile; fileRef = A75C509D214955EF000461E8 /* AlertOperation.swift */; };
		A75C5128214955F0000461E8 /* NSURL+CacheFiles.swift in Sources */ = {isa = PBXBuildFile; fileRef = A75C509E214955EF000461E8 /* NSURL+CacheFiles.swift */; };
		A75C5129214955F0000461E8 /* NetworkObserver.swift in Sources */ = {isa = PBXBuildFile; fileRef = A75C509F214955EF000461E8 /* NetworkObserver.swift */; };
		A75C512A214955F0000461E8 /* LICENSE.txt in Resources */ = {isa = PBXBuildFile; fileRef = A75C50A0214955EF000461E8 /* LICENSE.txt */; };
		A75C512B214955F0000461E8 /* DelayOperation.swift in Sources */ = {isa = PBXBuildFile; fileRef = A75C50A1214955EF000461E8 /* DelayOperation.swift */; };
		A75C512C214955F0000461E8 /* BlockObserver.swift in Sources */ = {isa = PBXBuildFile; fileRef = A75C50A2214955EF000461E8 /* BlockObserver.swift */; };
		A75C512D214955F0000461E8 /* CalendarCondition.swift in Sources */ = {isa = PBXBuildFile; fileRef = A75C50A3214955EF000461E8 /* CalendarCondition.swift */; };
		A75C512E214955F0000461E8 /* OperationErrors.swift in Sources */ = {isa = PBXBuildFile; fileRef = A75C50A4214955EF000461E8 /* OperationErrors.swift */; };
		A75C512F214955F0000461E8 /* Operation.swift in Sources */ = {isa = PBXBuildFile; fileRef = A75C50A5214955EF000461E8 /* Operation.swift */; };
		A75C5130214955F0000461E8 /* TimeoutObserver.swift in Sources */ = {isa = PBXBuildFile; fileRef = A75C50A6214955EF000461E8 /* TimeoutObserver.swift */; };
		A75C5131214955F0000461E8 /* Container.swift in Sources */ = {isa = PBXBuildFile; fileRef = A75C50A8214955EF000461E8 /* Container.swift */; };
		A75C5132214955F0000461E8 /* JSONServiceRequest.swift in Sources */ = {isa = PBXBuildFile; fileRef = A75C50AA214955EF000461E8 /* JSONServiceRequest.swift */; };
		A75C5133214955F0000461E8 /* JSONParsing.swift in Sources */ = {isa = PBXBuildFile; fileRef = A75C50AB214955EF000461E8 /* JSONParsing.swift */; };
		A75C5134214955F0000461E8 /* JSONServiceResponseProcessor.swift in Sources */ = {isa = PBXBuildFile; fileRef = A75C50AC214955EF000461E8 /* JSONServiceResponseProcessor.swift */; };
		A75C5135214955F0000461E8 /* LICENSE.txt in Resources */ = {isa = PBXBuildFile; fileRef = A75C50AD214955EF000461E8 /* LICENSE.txt */; };
		A75C5136214955F0000461E8 /* Service.swift in Sources */ = {isa = PBXBuildFile; fileRef = A75C50AF214955EF000461E8 /* Service.swift */; };
		A75C5137214955F0000461E8 /* ServiceRequest.swift in Sources */ = {isa = PBXBuildFile; fileRef = A75C50B0214955EF000461E8 /* ServiceRequest.swift */; };
		A75C5138214955F0000461E8 /* ServiceRequestConfigurator.swift in Sources */ = {isa = PBXBuildFile; fileRef = A75C50B1214955EF000461E8 /* ServiceRequestConfigurator.swift */; };
		A75C5139214955F0000461E8 /* ServiceEndpoint+JSONParsing.swift in Sources */ = {isa = PBXBuildFile; fileRef = A75C50B2214955EF000461E8 /* ServiceEndpoint+JSONParsing.swift */; };
		A75C513A214955F0000461E8 /* ServiceRequestStatus.swift in Sources */ = {isa = PBXBuildFile; fileRef = A75C50B3214955EF000461E8 /* ServiceRequestStatus.swift */; };
		A75C513B214955F0000461E8 /* ServiceSession.swift in Sources */ = {isa = PBXBuildFile; fileRef = A75C50B4214955EF000461E8 /* ServiceSession.swift */; };
		A75C513C214955F0000461E8 /* ServiceRequestDecorator.swift in Sources */ = {isa = PBXBuildFile; fileRef = A75C50B5214955EF000461E8 /* ServiceRequestDecorator.swift */; };
		A75C513D214955F0000461E8 /* ServiceRequestOperation.swift in Sources */ = {isa = PBXBuildFile; fileRef = A75C50B6214955EF000461E8 /* ServiceRequestOperation.swift */; };
		A75C513E214955F0000461E8 /* ServiceEndpoint.swift in Sources */ = {isa = PBXBuildFile; fileRef = A75C50B7214955EF000461E8 /* ServiceEndpoint.swift */; };
		A75C513F214955F0000461E8 /* ServiceEndpointPathTransformer.swift in Sources */ = {isa = PBXBuildFile; fileRef = A75C50B8214955EF000461E8 /* ServiceEndpointPathTransformer.swift */; };
		A75C5140214955F0000461E8 /* Info.plist in Resources */ = {isa = PBXBuildFile; fileRef = A75C50BA214955EF000461E8 /* Info.plist */; };
		A75C5143214955F0000461E8 /* Info.plist in Resources */ = {isa = PBXBuildFile; fileRef = A75C50BF214955EF000461E8 /* Info.plist */; };
		A75C5144214955F0000461E8 /* .gitignore in Resources */ = {isa = PBXBuildFile; fileRef = A75C50C0214955EF000461E8 /* .gitignore */; };
		A79B127E2149515D00B4D39F /* AppDelegate.swift in Sources */ = {isa = PBXBuildFile; fileRef = A79B127D2149515D00B4D39F /* AppDelegate.swift */; };
		A79B12802149515D00B4D39F /* ViewController.swift in Sources */ = {isa = PBXBuildFile; fileRef = A79B127F2149515D00B4D39F /* ViewController.swift */; };
		A79B12832149515D00B4D39F /* Main.storyboard in Resources */ = {isa = PBXBuildFile; fileRef = A79B12812149515D00B4D39F /* Main.storyboard */; };
		A79B12862149515D00B4D39F /* Smart_Training_Log.xcdatamodeld in Sources */ = {isa = PBXBuildFile; fileRef = A79B12842149515D00B4D39F /* Smart_Training_Log.xcdatamodeld */; };
		A79B12882149515E00B4D39F /* Assets.xcassets in Resources */ = {isa = PBXBuildFile; fileRef = A79B12872149515E00B4D39F /* Assets.xcassets */; };
		A79B128B2149515E00B4D39F /* LaunchScreen.storyboard in Resources */ = {isa = PBXBuildFile; fileRef = A79B12892149515E00B4D39F /* LaunchScreen.storyboard */; };
		A79B12962149515E00B4D39F /* Smart_Training_LogTests.swift in Sources */ = {isa = PBXBuildFile; fileRef = A79B12952149515E00B4D39F /* Smart_Training_LogTests.swift */; };
/* End PBXBuildFile section */

/* Begin PBXContainerItemProxy section */
		A75C50F6214955F0000461E8 /* PBXContainerItemProxy */ = {
			isa = PBXContainerItemProxy;
			containerPortal = A75C5073214955EF000461E8 /* Horatio.xcodeproj */;
			proxyType = 2;
			remoteGlobalIDString = EDB7F41D1EC211DD0037CCB3;
			remoteInfo = Horatio;
		};
		A75C50F8214955F0000461E8 /* PBXContainerItemProxy */ = {
			isa = PBXContainerItemProxy;
			containerPortal = A75C5073214955EF000461E8 /* Horatio.xcodeproj */;
			proxyType = 2;
			remoteGlobalIDString = EDB7F4261EC211DD0037CCB3;
			remoteInfo = HoratioTests;
		};
		A79B12922149515E00B4D39F /* PBXContainerItemProxy */ = {
			isa = PBXContainerItemProxy;
			containerPortal = A79B12722149515D00B4D39F /* Project object */;
			proxyType = 1;
			remoteGlobalIDString = A79B12792149515D00B4D39F;
			remoteInfo = "Smart Training Log";
		};
/* End PBXContainerItemProxy section */

/* Begin PBXFileReference section */
		A75C506F214955EF000461E8 /* LICENSE */ = {isa = PBXFileReference; fileEncoding = 4; lastKnownFileType = text; path = LICENSE; sourceTree = "<group>"; };
		A75C5070214955EF000461E8 /* Horatio.podspec */ = {isa = PBXFileReference; fileEncoding = 4; lastKnownFileType = text; path = Horatio.podspec; sourceTree = "<group>"; };
		A75C5071214955EF000461E8 /* README.md */ = {isa = PBXFileReference; fileEncoding = 4; lastKnownFileType = net.daringfireball.markdown; path = README.md; sourceTree = "<group>"; };
		A75C5073214955EF000461E8 /* Horatio.xcodeproj */ = {isa = PBXFileReference; lastKnownFileType = "wrapper.pb-project"; path = Horatio.xcodeproj; sourceTree = "<group>"; };
		A75C5079214955EF000461E8 /* FeatureSubject.swift */ = {isa = PBXFileReference; fileEncoding = 4; lastKnownFileType = sourcecode.swift; path = FeatureSubject.swift; sourceTree = "<group>"; };
		A75C507A214955EF000461E8 /* VendorIDFeatureSubject.swift */ = {isa = PBXFileReference; fileEncoding = 4; lastKnownFileType = sourcecode.swift; path = VendorIDFeatureSubject.swift; sourceTree = "<group>"; };
		A75C507B214955EF000461E8 /* FeatureManager.swift */ = {isa = PBXFileReference; fileEncoding = 4; lastKnownFileType = sourcecode.swift; path = FeatureManager.swift; sourceTree = "<group>"; };
		A75C507C214955EF000461E8 /* FeatureSelector.swift */ = {isa = PBXFileReference; fileEncoding = 4; lastKnownFileType = sourcecode.swift; path = FeatureSelector.swift; sourceTree = "<group>"; };
		A75C507D214955EF000461E8 /* FeatureCondition.swift */ = {isa = PBXFileReference; fileEncoding = 4; lastKnownFileType = sourcecode.swift; path = FeatureCondition.swift; sourceTree = "<group>"; };
		A75C507F214955EF000461E8 /* TaskScheduler.swift */ = {isa = PBXFileReference; fileEncoding = 4; lastKnownFileType = sourcecode.swift; path = TaskScheduler.swift; sourceTree = "<group>"; };
		A75C5081214955EF000461E8 /* RemoteNotificationCondition.swift */ = {isa = PBXFileReference; fileEncoding = 4; lastKnownFileType = sourcecode.swift; path = RemoteNotificationCondition.swift; sourceTree = "<group>"; };
		A75C5082214955EF000461E8 /* ReachabilityCondition.swift */ = {isa = PBXFileReference; fileEncoding = 4; lastKnownFileType = sourcecode.swift; path = ReachabilityCondition.swift; sourceTree = "<group>"; };
		A75C5083214955EF000461E8 /* PhotosCondition.swift */ = {isa = PBXFileReference; fileEncoding = 4; lastKnownFileType = sourcecode.swift; path = PhotosCondition.swift; sourceTree = "<group>"; };
		A75C5084214955EF000461E8 /* NSLock+Operations.swift */ = {isa = PBXFileReference; fileEncoding = 4; lastKnownFileType = sourcecode.swift; path = "NSLock+Operations.swift"; sourceTree = "<group>"; };
		A75C5085214955EF000461E8 /* Dictionary+Operations.swift */ = {isa = PBXFileReference; fileEncoding = 4; lastKnownFileType = sourcecode.swift; path = "Dictionary+Operations.swift"; sourceTree = "<group>"; };
		A75C5086214955EF000461E8 /* LocationOperation.swift */ = {isa = PBXFileReference; fileEncoding = 4; lastKnownFileType = sourcecode.swift; path = LocationOperation.swift; sourceTree = "<group>"; };
		A75C5087214955EF000461E8 /* OperationObserver.swift */ = {isa = PBXFileReference; fileEncoding = 4; lastKnownFileType = sourcecode.swift; path = OperationObserver.swift; sourceTree = "<group>"; };
		A75C5088214955EF000461E8 /* NSObject+ThrowingKeyValueObserving.h */ = {isa = PBXFileReference; fileEncoding = 4; lastKnownFileType = sourcecode.c.h; path = "NSObject+ThrowingKeyValueObserving.h"; sourceTree = "<group>"; };
		A75C5089214955EF000461E8 /* NegatedCondition.swift */ = {isa = PBXFileReference; fileEncoding = 4; lastKnownFileType = sourcecode.swift; path = NegatedCondition.swift; sourceTree = "<group>"; };
		A75C508A214955EF000461E8 /* PassbookCondition.swift */ = {isa = PBXFileReference; fileEncoding = 4; lastKnownFileType = sourcecode.swift; path = PassbookCondition.swift; sourceTree = "<group>"; };
		A75C508B214955EF000461E8 /* NoCancelledDependencies.swift */ = {isa = PBXFileReference; fileEncoding = 4; lastKnownFileType = sourcecode.swift; path = NoCancelledDependencies.swift; sourceTree = "<group>"; };
		A75C508C214955EF000461E8 /* CKContainer+Operations.swift */ = {isa = PBXFileReference; fileEncoding = 4; lastKnownFileType = sourcecode.swift; path = "CKContainer+Operations.swift"; sourceTree = "<group>"; };
		A75C508D214955EF000461E8 /* UserNotificationCondition.swift */ = {isa = PBXFileReference; fileEncoding = 4; lastKnownFileType = sourcecode.swift; path = UserNotificationCondition.swift; sourceTree = "<group>"; };
		A75C508E214955EF000461E8 /* ExclusivityController.swift */ = {isa = PBXFileReference; fileEncoding = 4; lastKnownFileType = sourcecode.swift; path = ExclusivityController.swift; sourceTree = "<group>"; };
		A75C508F214955EF000461E8 /* CloudCondition.swift */ = {isa = PBXFileReference; fileEncoding = 4; lastKnownFileType = sourcecode.swift; path = CloudCondition.swift; sourceTree = "<group>"; };
		A75C5090214955EF000461E8 /* SilentCondition.swift */ = {isa = PBXFileReference; fileEncoding = 4; lastKnownFileType = sourcecode.swift; path = SilentCondition.swift; sourceTree = "<group>"; };
		A75C5091214955EF000461E8 /* HealthCondition.swift */ = {isa = PBXFileReference; fileEncoding = 4; lastKnownFileType = sourcecode.swift; path = HealthCondition.swift; sourceTree = "<group>"; };
		A75C5092214955EF000461E8 /* GroupOperation.swift */ = {isa = PBXFileReference; fileEncoding = 4; lastKnownFileType = sourcecode.swift; path = GroupOperation.swift; sourceTree = "<group>"; };
		A75C5093214955EF000461E8 /* BlockOperation.swift */ = {isa = PBXFileReference; fileEncoding = 4; lastKnownFileType = sourcecode.swift; path = BlockOperation.swift; sourceTree = "<group>"; };
		A75C5094214955EF000461E8 /* LocationCondition.swift */ = {isa = PBXFileReference; fileEncoding = 4; lastKnownFileType = sourcecode.swift; path = LocationCondition.swift; sourceTree = "<group>"; };
		A75C5095214955EF000461E8 /* MutuallyExclusive.swift */ = {isa = PBXFileReference; fileEncoding = 4; lastKnownFileType = sourcecode.swift; path = MutuallyExclusive.swift; sourceTree = "<group>"; };
		A75C5096214955EF000461E8 /* OperationCondition.swift */ = {isa = PBXFileReference; fileEncoding = 4; lastKnownFileType = sourcecode.swift; path = OperationCondition.swift; sourceTree = "<group>"; };
		A75C5097214955EF000461E8 /* URLSessionTaskOperation.swift */ = {isa = PBXFileReference; fileEncoding = 4; lastKnownFileType = sourcecode.swift; path = URLSessionTaskOperation.swift; sourceTree = "<group>"; };
		A75C5098214955EF000461E8 /* OperationQueue.swift */ = {isa = PBXFileReference; fileEncoding = 4; lastKnownFileType = sourcecode.swift; path = OperationQueue.swift; sourceTree = "<group>"; };
		A75C5099214955EF000461E8 /* NSObject+ThrowingKeyValueObserving.m */ = {isa = PBXFileReference; fileEncoding = 4; lastKnownFileType = sourcecode.c.objc; path = "NSObject+ThrowingKeyValueObserving.m"; sourceTree = "<group>"; };
		A75C509A214955EF000461E8 /* NSOperation+Operations.swift */ = {isa = PBXFileReference; fileEncoding = 4; lastKnownFileType = sourcecode.swift; path = "NSOperation+Operations.swift"; sourceTree = "<group>"; };
		A75C509B214955EF000461E8 /* DependencySuccessCondition.swift */ = {isa = PBXFileReference; fileEncoding = 4; lastKnownFileType = sourcecode.swift; path = DependencySuccessCondition.swift; sourceTree = "<group>"; };
		A75C509C214955EF000461E8 /* UIUserNotifications+Operations.swift */ = {isa = PBXFileReference; fileEncoding = 4; lastKnownFileType = sourcecode.swift; path = "UIUserNotifications+Operations.swift"; sourceTree = "<group>"; };
		A75C509D214955EF000461E8 /* AlertOperation.swift */ = {isa = PBXFileReference; fileEncoding = 4; lastKnownFileType = sourcecode.swift; path = AlertOperation.swift; sourceTree = "<group>"; };
		A75C509E214955EF000461E8 /* NSURL+CacheFiles.swift */ = {isa = PBXFileReference; fileEncoding = 4; lastKnownFileType = sourcecode.swift; path = "NSURL+CacheFiles.swift"; sourceTree = "<group>"; };
		A75C509F214955EF000461E8 /* NetworkObserver.swift */ = {isa = PBXFileReference; fileEncoding = 4; lastKnownFileType = sourcecode.swift; path = NetworkObserver.swift; sourceTree = "<group>"; };
		A75C50A0214955EF000461E8 /* LICENSE.txt */ = {isa = PBXFileReference; fileEncoding = 4; lastKnownFileType = text; path = LICENSE.txt; sourceTree = "<group>"; };
		A75C50A1214955EF000461E8 /* DelayOperation.swift */ = {isa = PBXFileReference; fileEncoding = 4; lastKnownFileType = sourcecode.swift; path = DelayOperation.swift; sourceTree = "<group>"; };
		A75C50A2214955EF000461E8 /* BlockObserver.swift */ = {isa = PBXFileReference; fileEncoding = 4; lastKnownFileType = sourcecode.swift; path = BlockObserver.swift; sourceTree = "<group>"; };
		A75C50A3214955EF000461E8 /* CalendarCondition.swift */ = {isa = PBXFileReference; fileEncoding = 4; lastKnownFileType = sourcecode.swift; path = CalendarCondition.swift; sourceTree = "<group>"; };
		A75C50A4214955EF000461E8 /* OperationErrors.swift */ = {isa = PBXFileReference; fileEncoding = 4; lastKnownFileType = sourcecode.swift; path = OperationErrors.swift; sourceTree = "<group>"; };
		A75C50A5214955EF000461E8 /* Operation.swift */ = {isa = PBXFileReference; fileEncoding = 4; lastKnownFileType = sourcecode.swift; path = Operation.swift; sourceTree = "<group>"; };
		A75C50A6214955EF000461E8 /* TimeoutObserver.swift */ = {isa = PBXFileReference; fileEncoding = 4; lastKnownFileType = sourcecode.swift; path = TimeoutObserver.swift; sourceTree = "<group>"; };
		A75C50A8214955EF000461E8 /* Container.swift */ = {isa = PBXFileReference; fileEncoding = 4; lastKnownFileType = sourcecode.swift; path = Container.swift; sourceTree = "<group>"; };
		A75C50AA214955EF000461E8 /* JSONServiceRequest.swift */ = {isa = PBXFileReference; fileEncoding = 4; lastKnownFileType = sourcecode.swift; path = JSONServiceRequest.swift; sourceTree = "<group>"; };
		A75C50AB214955EF000461E8 /* JSONParsing.swift */ = {isa = PBXFileReference; fileEncoding = 4; lastKnownFileType = sourcecode.swift; path = JSONParsing.swift; sourceTree = "<group>"; };
		A75C50AC214955EF000461E8 /* JSONServiceResponseProcessor.swift */ = {isa = PBXFileReference; fileEncoding = 4; lastKnownFileType = sourcecode.swift; path = JSONServiceResponseProcessor.swift; sourceTree = "<group>"; };
		A75C50AD214955EF000461E8 /* LICENSE.txt */ = {isa = PBXFileReference; fileEncoding = 4; lastKnownFileType = text; path = LICENSE.txt; sourceTree = "<group>"; };
		A75C50AF214955EF000461E8 /* Service.swift */ = {isa = PBXFileReference; fileEncoding = 4; lastKnownFileType = sourcecode.swift; path = Service.swift; sourceTree = "<group>"; };
		A75C50B0214955EF000461E8 /* ServiceRequest.swift */ = {isa = PBXFileReference; fileEncoding = 4; lastKnownFileType = sourcecode.swift; path = ServiceRequest.swift; sourceTree = "<group>"; };
		A75C50B1214955EF000461E8 /* ServiceRequestConfigurator.swift */ = {isa = PBXFileReference; fileEncoding = 4; lastKnownFileType = sourcecode.swift; path = ServiceRequestConfigurator.swift; sourceTree = "<group>"; };
		A75C50B2214955EF000461E8 /* ServiceEndpoint+JSONParsing.swift */ = {isa = PBXFileReference; fileEncoding = 4; lastKnownFileType = sourcecode.swift; path = "ServiceEndpoint+JSONParsing.swift"; sourceTree = "<group>"; };
		A75C50B3214955EF000461E8 /* ServiceRequestStatus.swift */ = {isa = PBXFileReference; fileEncoding = 4; lastKnownFileType = sourcecode.swift; path = ServiceRequestStatus.swift; sourceTree = "<group>"; };
		A75C50B4214955EF000461E8 /* ServiceSession.swift */ = {isa = PBXFileReference; fileEncoding = 4; lastKnownFileType = sourcecode.swift; path = ServiceSession.swift; sourceTree = "<group>"; };
		A75C50B5214955EF000461E8 /* ServiceRequestDecorator.swift */ = {isa = PBXFileReference; fileEncoding = 4; lastKnownFileType = sourcecode.swift; path = ServiceRequestDecorator.swift; sourceTree = "<group>"; };
		A75C50B6214955EF000461E8 /* ServiceRequestOperation.swift */ = {isa = PBXFileReference; fileEncoding = 4; lastKnownFileType = sourcecode.swift; path = ServiceRequestOperation.swift; sourceTree = "<group>"; };
		A75C50B7214955EF000461E8 /* ServiceEndpoint.swift */ = {isa = PBXFileReference; fileEncoding = 4; lastKnownFileType = sourcecode.swift; path = ServiceEndpoint.swift; sourceTree = "<group>"; };
		A75C50B8214955EF000461E8 /* ServiceEndpointPathTransformer.swift */ = {isa = PBXFileReference; fileEncoding = 4; lastKnownFileType = sourcecode.swift; path = ServiceEndpointPathTransformer.swift; sourceTree = "<group>"; };
		A75C50B9214955EF000461E8 /* Horatio.h */ = {isa = PBXFileReference; fileEncoding = 4; lastKnownFileType = sourcecode.c.h; path = Horatio.h; sourceTree = "<group>"; };
		A75C50BA214955EF000461E8 /* Info.plist */ = {isa = PBXFileReference; fileEncoding = 4; lastKnownFileType = text.plist.xml; path = Info.plist; sourceTree = "<group>"; };
		A75C50BC214955EF000461E8 /* HoratioTests.swift */ = {isa = PBXFileReference; fileEncoding = 4; lastKnownFileType = sourcecode.swift; path = HoratioTests.swift; sourceTree = "<group>"; };
		A75C50BE214955EF000461E8 /* JSONParsingTests.swift */ = {isa = PBXFileReference; fileEncoding = 4; lastKnownFileType = sourcecode.swift; path = JSONParsingTests.swift; sourceTree = "<group>"; };
		A75C50BF214955EF000461E8 /* Info.plist */ = {isa = PBXFileReference; fileEncoding = 4; lastKnownFileType = text.plist.xml; path = Info.plist; sourceTree = "<group>"; };
		A75C50C0214955EF000461E8 /* .gitignore */ = {isa = PBXFileReference; fileEncoding = 4; lastKnownFileType = text; path = .gitignore; sourceTree = "<group>"; };
		A79B127A2149515D00B4D39F /* Smart Training Log.app */ = {isa = PBXFileReference; explicitFileType = wrapper.application; includeInIndex = 0; path = "Smart Training Log.app"; sourceTree = BUILT_PRODUCTS_DIR; };
		A79B127D2149515D00B4D39F /* AppDelegate.swift */ = {isa = PBXFileReference; lastKnownFileType = sourcecode.swift; path = AppDelegate.swift; sourceTree = "<group>"; };
		A79B127F2149515D00B4D39F /* ViewController.swift */ = {isa = PBXFileReference; lastKnownFileType = sourcecode.swift; path = ViewController.swift; sourceTree = "<group>"; };
		A79B12822149515D00B4D39F /* Base */ = {isa = PBXFileReference; lastKnownFileType = file.storyboard; name = Base; path = Base.lproj/Main.storyboard; sourceTree = "<group>"; };
		A79B12852149515D00B4D39F /* Smart_Training_Log.xcdatamodel */ = {isa = PBXFileReference; lastKnownFileType = wrapper.xcdatamodel; path = Smart_Training_Log.xcdatamodel; sourceTree = "<group>"; };
		A79B12872149515E00B4D39F /* Assets.xcassets */ = {isa = PBXFileReference; lastKnownFileType = folder.assetcatalog; path = Assets.xcassets; sourceTree = "<group>"; };
		A79B128A2149515E00B4D39F /* Base */ = {isa = PBXFileReference; lastKnownFileType = file.storyboard; name = Base; path = Base.lproj/LaunchScreen.storyboard; sourceTree = "<group>"; };
		A79B128C2149515E00B4D39F /* Info.plist */ = {isa = PBXFileReference; lastKnownFileType = text.plist.xml; path = Info.plist; sourceTree = "<group>"; };
		A79B12912149515E00B4D39F /* Smart Training LogTests.xctest */ = {isa = PBXFileReference; explicitFileType = wrapper.cfbundle; includeInIndex = 0; path = "Smart Training LogTests.xctest"; sourceTree = BUILT_PRODUCTS_DIR; };
		A79B12952149515E00B4D39F /* Smart_Training_LogTests.swift */ = {isa = PBXFileReference; lastKnownFileType = sourcecode.swift; path = Smart_Training_LogTests.swift; sourceTree = "<group>"; };
		A79B12972149515E00B4D39F /* Info.plist */ = {isa = PBXFileReference; lastKnownFileType = text.plist.xml; path = Info.plist; sourceTree = "<group>"; };
/* End PBXFileReference section */

/* Begin PBXFrameworksBuildPhase section */
		A79B12772149515D00B4D39F /* Frameworks */ = {
			isa = PBXFrameworksBuildPhase;
			buildActionMask = 2147483647;
			files = (
			);
			runOnlyForDeploymentPostprocessing = 0;
		};
		A79B128E2149515E00B4D39F /* Frameworks */ = {
			isa = PBXFrameworksBuildPhase;
			buildActionMask = 2147483647;
			files = (
			);
			runOnlyForDeploymentPostprocessing = 0;
		};
/* End PBXFrameworksBuildPhase section */

/* Begin PBXGroup section */
		A75C506E214955EF000461E8 /* Horatio */ = {
			isa = PBXGroup;
			children = (
				A75C506F214955EF000461E8 /* LICENSE */,
				A75C5070214955EF000461E8 /* Horatio.podspec */,
				A75C5071214955EF000461E8 /* README.md */,
				A75C5072214955EF000461E8 /* Horatio */,
				A75C50C0214955EF000461E8 /* .gitignore */,
			);
			path = Horatio;
			sourceTree = "<group>";
		};
		A75C5072214955EF000461E8 /* Horatio */ = {
			isa = PBXGroup;
			children = (
				A75C5073214955EF000461E8 /* Horatio.xcodeproj */,
				A75C5076214955EF000461E8 /* Horatio */,
				A75C50BB214955EF000461E8 /* HoratioTests */,
			);
			path = Horatio;
			sourceTree = "<group>";
		};
		A75C5074214955EF000461E8 /* Products */ = {
			isa = PBXGroup;
			children = (
				A75C50F7214955F0000461E8 /* Horatio.framework */,
				A75C50F9214955F0000461E8 /* HoratioTests.xctest */,
			);
			name = Products;
			sourceTree = "<group>";
		};
		A75C5076214955EF000461E8 /* Horatio */ = {
			isa = PBXGroup;
			children = (
				A75C5077214955EF000461E8 /* Classes */,
				A75C50B9214955EF000461E8 /* Horatio.h */,
				A75C50BA214955EF000461E8 /* Info.plist */,
			);
			path = Horatio;
			sourceTree = "<group>";
		};
		A75C5077214955EF000461E8 /* Classes */ = {
			isa = PBXGroup;
			children = (
				A75C5078214955EF000461E8 /* Features */,
				A75C507E214955EF000461E8 /* Scheduler */,
				A75C5080214955EF000461E8 /* Operations */,
				A75C50A7214955EF000461E8 /* Container */,
				A75C50A9214955EF000461E8 /* JSON */,
				A75C50AD214955EF000461E8 /* LICENSE.txt */,
				A75C50AE214955EF000461E8 /* Services */,
			);
			path = Classes;
			sourceTree = "<group>";
		};
		A75C5078214955EF000461E8 /* Features */ = {
			isa = PBXGroup;
			children = (
				A75C5079214955EF000461E8 /* FeatureSubject.swift */,
				A75C507A214955EF000461E8 /* VendorIDFeatureSubject.swift */,
				A75C507B214955EF000461E8 /* FeatureManager.swift */,
				A75C507C214955EF000461E8 /* FeatureSelector.swift */,
				A75C507D214955EF000461E8 /* FeatureCondition.swift */,
			);
			path = Features;
			sourceTree = "<group>";
		};
		A75C507E214955EF000461E8 /* Scheduler */ = {
			isa = PBXGroup;
			children = (
				A75C507F214955EF000461E8 /* TaskScheduler.swift */,
			);
			path = Scheduler;
			sourceTree = "<group>";
		};
		A75C5080214955EF000461E8 /* Operations */ = {
			isa = PBXGroup;
			children = (
				A75C5081214955EF000461E8 /* RemoteNotificationCondition.swift */,
				A75C5082214955EF000461E8 /* ReachabilityCondition.swift */,
				A75C5083214955EF000461E8 /* PhotosCondition.swift */,
				A75C5084214955EF000461E8 /* NSLock+Operations.swift */,
				A75C5085214955EF000461E8 /* Dictionary+Operations.swift */,
				A75C5086214955EF000461E8 /* LocationOperation.swift */,
				A75C5087214955EF000461E8 /* OperationObserver.swift */,
				A75C5088214955EF000461E8 /* NSObject+ThrowingKeyValueObserving.h */,
				A75C5089214955EF000461E8 /* NegatedCondition.swift */,
				A75C508A214955EF000461E8 /* PassbookCondition.swift */,
				A75C508B214955EF000461E8 /* NoCancelledDependencies.swift */,
				A75C508C214955EF000461E8 /* CKContainer+Operations.swift */,
				A75C508D214955EF000461E8 /* UserNotificationCondition.swift */,
				A75C508E214955EF000461E8 /* ExclusivityController.swift */,
				A75C508F214955EF000461E8 /* CloudCondition.swift */,
				A75C5090214955EF000461E8 /* SilentCondition.swift */,
				A75C5091214955EF000461E8 /* HealthCondition.swift */,
				A75C5092214955EF000461E8 /* GroupOperation.swift */,
				A75C5093214955EF000461E8 /* BlockOperation.swift */,
				A75C5094214955EF000461E8 /* LocationCondition.swift */,
				A75C5095214955EF000461E8 /* MutuallyExclusive.swift */,
				A75C5096214955EF000461E8 /* OperationCondition.swift */,
				A75C5097214955EF000461E8 /* URLSessionTaskOperation.swift */,
				A75C5098214955EF000461E8 /* OperationQueue.swift */,
				A75C5099214955EF000461E8 /* NSObject+ThrowingKeyValueObserving.m */,
				A75C509A214955EF000461E8 /* NSOperation+Operations.swift */,
				A75C509B214955EF000461E8 /* DependencySuccessCondition.swift */,
				A75C509C214955EF000461E8 /* UIUserNotifications+Operations.swift */,
				A75C509D214955EF000461E8 /* AlertOperation.swift */,
				A75C509E214955EF000461E8 /* NSURL+CacheFiles.swift */,
				A75C509F214955EF000461E8 /* NetworkObserver.swift */,
				A75C50A0214955EF000461E8 /* LICENSE.txt */,
				A75C50A1214955EF000461E8 /* DelayOperation.swift */,
				A75C50A2214955EF000461E8 /* BlockObserver.swift */,
				A75C50A3214955EF000461E8 /* CalendarCondition.swift */,
				A75C50A4214955EF000461E8 /* OperationErrors.swift */,
				A75C50A5214955EF000461E8 /* Operation.swift */,
				A75C50A6214955EF000461E8 /* TimeoutObserver.swift */,
			);
			path = Operations;
			sourceTree = "<group>";
		};
		A75C50A7214955EF000461E8 /* Container */ = {
			isa = PBXGroup;
			children = (
				A75C50A8214955EF000461E8 /* Container.swift */,
			);
			path = Container;
			sourceTree = "<group>";
		};
		A75C50A9214955EF000461E8 /* JSON */ = {
			isa = PBXGroup;
			children = (
				A75C50AA214955EF000461E8 /* JSONServiceRequest.swift */,
				A75C50AB214955EF000461E8 /* JSONParsing.swift */,
				A75C50AC214955EF000461E8 /* JSONServiceResponseProcessor.swift */,
			);
			path = JSON;
			sourceTree = "<group>";
		};
		A75C50AE214955EF000461E8 /* Services */ = {
			isa = PBXGroup;
			children = (
				A75C50AF214955EF000461E8 /* Service.swift */,
				A75C50B0214955EF000461E8 /* ServiceRequest.swift */,
				A75C50B1214955EF000461E8 /* ServiceRequestConfigurator.swift */,
				A75C50B2214955EF000461E8 /* ServiceEndpoint+JSONParsing.swift */,
				A75C50B3214955EF000461E8 /* ServiceRequestStatus.swift */,
				A75C50B4214955EF000461E8 /* ServiceSession.swift */,
				A75C50B5214955EF000461E8 /* ServiceRequestDecorator.swift */,
				A75C50B6214955EF000461E8 /* ServiceRequestOperation.swift */,
				A75C50B7214955EF000461E8 /* ServiceEndpoint.swift */,
				A75C50B8214955EF000461E8 /* ServiceEndpointPathTransformer.swift */,
			);
			path = Services;
			sourceTree = "<group>";
		};
		A75C50BB214955EF000461E8 /* HoratioTests */ = {
			isa = PBXGroup;
			children = (
				A75C50BC214955EF000461E8 /* HoratioTests.swift */,
				A75C50BD214955EF000461E8 /* JSON */,
				A75C50BF214955EF000461E8 /* Info.plist */,
			);
			path = HoratioTests;
			sourceTree = "<group>";
		};
		A75C50BD214955EF000461E8 /* JSON */ = {
			isa = PBXGroup;
			children = (
				A75C50BE214955EF000461E8 /* JSONParsingTests.swift */,
			);
			path = JSON;
			sourceTree = "<group>";
		};
		A79B12712149515D00B4D39F = {
			isa = PBXGroup;
			children = (
				A79B12A02149523600B4D39F /* Third Party */,
				A79B127C2149515D00B4D39F /* Smart Training Log */,
				A79B12942149515E00B4D39F /* Smart Training LogTests */,
				A79B127B2149515D00B4D39F /* Products */,
			);
			sourceTree = "<group>";
		};
		A79B127B2149515D00B4D39F /* Products */ = {
			isa = PBXGroup;
			children = (
				A79B127A2149515D00B4D39F /* Smart Training Log.app */,
				A79B12912149515E00B4D39F /* Smart Training LogTests.xctest */,
			);
			name = Products;
			sourceTree = "<group>";
		};
		A79B127C2149515D00B4D39F /* Smart Training Log */ = {
			isa = PBXGroup;
			children = (
				A79B127D2149515D00B4D39F /* AppDelegate.swift */,
				A79B127F2149515D00B4D39F /* ViewController.swift */,
				A79B12812149515D00B4D39F /* Main.storyboard */,
				A79B12872149515E00B4D39F /* Assets.xcassets */,
				A79B12892149515E00B4D39F /* LaunchScreen.storyboard */,
				A79B128C2149515E00B4D39F /* Info.plist */,
				A79B12842149515D00B4D39F /* Smart_Training_Log.xcdatamodeld */,
			);
			path = "Smart Training Log";
			sourceTree = "<group>";
		};
		A79B12942149515E00B4D39F /* Smart Training LogTests */ = {
			isa = PBXGroup;
			children = (
				A79B12952149515E00B4D39F /* Smart_Training_LogTests.swift */,
				A79B12972149515E00B4D39F /* Info.plist */,
			);
			path = "Smart Training LogTests";
			sourceTree = "<group>";
		};
		A79B12A02149523600B4D39F /* Third Party */ = {
			isa = PBXGroup;
			children = (
				A75C506E214955EF000461E8 /* Horatio */,
			);
			path = "Third Party";
			sourceTree = "<group>";
		};
/* End PBXGroup section */

/* Begin PBXNativeTarget section */
		A79B12792149515D00B4D39F /* Smart Training Log */ = {
			isa = PBXNativeTarget;
			buildConfigurationList = A79B129A2149515E00B4D39F /* Build configuration list for PBXNativeTarget "Smart Training Log" */;
			buildPhases = (
				A79B12762149515D00B4D39F /* Sources */,
				A79B12772149515D00B4D39F /* Frameworks */,
				A79B12782149515D00B4D39F /* Resources */,
			);
			buildRules = (
			);
			dependencies = (
			);
			name = "Smart Training Log";
			productName = "Smart Training Log";
			productReference = A79B127A2149515D00B4D39F /* Smart Training Log.app */;
			productType = "com.apple.product-type.application";
		};
		A79B12902149515E00B4D39F /* Smart Training LogTests */ = {
			isa = PBXNativeTarget;
			buildConfigurationList = A79B129D2149515E00B4D39F /* Build configuration list for PBXNativeTarget "Smart Training LogTests" */;
			buildPhases = (
				A79B128D2149515E00B4D39F /* Sources */,
				A79B128E2149515E00B4D39F /* Frameworks */,
				A79B128F2149515E00B4D39F /* Resources */,
			);
			buildRules = (
			);
			dependencies = (
				A79B12932149515E00B4D39F /* PBXTargetDependency */,
			);
			name = "Smart Training LogTests";
			productName = "Smart Training LogTests";
			productReference = A79B12912149515E00B4D39F /* Smart Training LogTests.xctest */;
			productType = "com.apple.product-type.bundle.unit-test";
		};
/* End PBXNativeTarget section */

/* Begin PBXProject section */
		A79B12722149515D00B4D39F /* Project object */ = {
			isa = PBXProject;
			attributes = {
				LastSwiftUpdateCheck = 0930;
				LastUpgradeCheck = 0930;
				ORGANIZATIONNAME = CS4261;
				TargetAttributes = {
					A79B12792149515D00B4D39F = {
						CreatedOnToolsVersion = 9.3;
					};
					A79B12902149515E00B4D39F = {
						CreatedOnToolsVersion = 9.3;
						TestTargetID = A79B12792149515D00B4D39F;
					};
				};
			};
			buildConfigurationList = A79B12752149515D00B4D39F /* Build configuration list for PBXProject "Smart Training Log" */;
			compatibilityVersion = "Xcode 9.3";
			developmentRegion = en;
			hasScannedForEncodings = 0;
			knownRegions = (
				en,
				Base,
			);
			mainGroup = A79B12712149515D00B4D39F;
			productRefGroup = A79B127B2149515D00B4D39F /* Products */;
			projectDirPath = "";
			projectReferences = (
				{
					ProductGroup = A75C5074214955EF000461E8 /* Products */;
					ProjectRef = A75C5073214955EF000461E8 /* Horatio.xcodeproj */;
				},
			);
			projectRoot = "";
			targets = (
				A79B12792149515D00B4D39F /* Smart Training Log */,
				A79B12902149515E00B4D39F /* Smart Training LogTests */,
			);
		};
/* End PBXProject section */

/* Begin PBXReferenceProxy section */
		A75C50F7214955F0000461E8 /* Horatio.framework */ = {
			isa = PBXReferenceProxy;
			fileType = wrapper.framework;
			path = Horatio.framework;
			remoteRef = A75C50F6214955F0000461E8 /* PBXContainerItemProxy */;
			sourceTree = BUILT_PRODUCTS_DIR;
		};
		A75C50F9214955F0000461E8 /* HoratioTests.xctest */ = {
			isa = PBXReferenceProxy;
			fileType = wrapper.cfbundle;
			path = HoratioTests.xctest;
			remoteRef = A75C50F8214955F0000461E8 /* PBXContainerItemProxy */;
			sourceTree = BUILT_PRODUCTS_DIR;
		};
/* End PBXReferenceProxy section */

/* Begin PBXResourcesBuildPhase section */
		A79B12782149515D00B4D39F /* Resources */ = {
			isa = PBXResourcesBuildPhase;
			buildActionMask = 2147483647;
			files = (
				A75C5105214955F0000461E8 /* README.md in Resources */,
				A79B128B2149515E00B4D39F /* LaunchScreen.storyboard in Resources */,
				A75C5140214955F0000461E8 /* Info.plist in Resources */,
				A79B12882149515E00B4D39F /* Assets.xcassets in Resources */,
				A75C5144214955F0000461E8 /* .gitignore in Resources */,
				A75C5104214955F0000461E8 /* Horatio.podspec in Resources */,
				A75C5135214955F0000461E8 /* LICENSE.txt in Resources */,
				A75C5103214955F0000461E8 /* LICENSE in Resources */,
				A79B12832149515D00B4D39F /* Main.storyboard in Resources */,
				A75C5143214955F0000461E8 /* Info.plist in Resources */,
				A75C512A214955F0000461E8 /* LICENSE.txt in Resources */,
			);
			runOnlyForDeploymentPostprocessing = 0;
		};
		A79B128F2149515E00B4D39F /* Resources */ = {
			isa = PBXResourcesBuildPhase;
			buildActionMask = 2147483647;
			files = (
			);
			runOnlyForDeploymentPostprocessing = 0;
		};
/* End PBXResourcesBuildPhase section */

/* Begin PBXSourcesBuildPhase section */
		A79B12762149515D00B4D39F /* Sources */ = {
			isa = PBXSourcesBuildPhase;
			buildActionMask = 2147483647;
			files = (
				A75C511D214955F0000461E8 /* BlockOperation.swift in Sources */,
				A75C5115214955F0000461E8 /* NoCancelledDependencies.swift in Sources */,
				A75C511E214955F0000461E8 /* LocationCondition.swift in Sources */,
				A75C5134214955F0000461E8 /* JSONServiceResponseProcessor.swift in Sources */,
				A75C510E214955F0000461E8 /* PhotosCondition.swift in Sources */,
				A75C5114214955F0000461E8 /* PassbookCondition.swift in Sources */,
				A75C512E214955F0000461E8 /* OperationErrors.swift in Sources */,
				A75C5122214955F0000461E8 /* OperationQueue.swift in Sources */,
				A75C5123214955F0000461E8 /* NSObject+ThrowingKeyValueObserving.m in Sources */,
				A75C512B214955F0000461E8 /* DelayOperation.swift in Sources */,
				A75C5113214955F0000461E8 /* NegatedCondition.swift in Sources */,
				A75C512C214955F0000461E8 /* BlockObserver.swift in Sources */,
				A75C512F214955F0000461E8 /* Operation.swift in Sources */,
				A79B12862149515D00B4D39F /* Smart_Training_Log.xcdatamodeld in Sources */,
				A75C5128214955F0000461E8 /* NSURL+CacheFiles.swift in Sources */,
				A75C511C214955F0000461E8 /* GroupOperation.swift in Sources */,
				A75C5127214955F0000461E8 /* AlertOperation.swift in Sources */,
				A75C5137214955F0000461E8 /* ServiceRequest.swift in Sources */,
				A75C513E214955F0000461E8 /* ServiceEndpoint.swift in Sources */,
				A75C510D214955F0000461E8 /* ReachabilityCondition.swift in Sources */,
				A75C5130214955F0000461E8 /* TimeoutObserver.swift in Sources */,
				A75C5121214955F0000461E8 /* URLSessionTaskOperation.swift in Sources */,
				A75C5131214955F0000461E8 /* Container.swift in Sources */,
				A75C5124214955F0000461E8 /* NSOperation+Operations.swift in Sources */,
				A79B12802149515D00B4D39F /* ViewController.swift in Sources */,
				A75C5138214955F0000461E8 /* ServiceRequestConfigurator.swift in Sources */,
				A75C5132214955F0000461E8 /* JSONServiceRequest.swift in Sources */,
				A75C513F214955F0000461E8 /* ServiceEndpointPathTransformer.swift in Sources */,
				A75C5118214955F0000461E8 /* ExclusivityController.swift in Sources */,
				A75C5116214955F0000461E8 /* CKContainer+Operations.swift in Sources */,
				A75C511B214955F0000461E8 /* HealthCondition.swift in Sources */,
				A75C5136214955F0000461E8 /* Service.swift in Sources */,
				A75C510C214955F0000461E8 /* RemoteNotificationCondition.swift in Sources */,
				A75C5108214955F0000461E8 /* FeatureManager.swift in Sources */,
				A79B127E2149515D00B4D39F /* AppDelegate.swift in Sources */,
				A75C510B214955F0000461E8 /* TaskScheduler.swift in Sources */,
				A75C512D214955F0000461E8 /* CalendarCondition.swift in Sources */,
				A75C5126214955F0000461E8 /* UIUserNotifications+Operations.swift in Sources */,
				A75C511F214955F0000461E8 /* MutuallyExclusive.swift in Sources */,
				A75C510A214955F0000461E8 /* FeatureCondition.swift in Sources */,
				A75C511A214955F0000461E8 /* SilentCondition.swift in Sources */,
				A75C513A214955F0000461E8 /* ServiceRequestStatus.swift in Sources */,
				A75C5119214955F0000461E8 /* CloudCondition.swift in Sources */,
				A75C5129214955F0000461E8 /* NetworkObserver.swift in Sources */,
				A75C513D214955F0000461E8 /* ServiceRequestOperation.swift in Sources */,
				A75C5125214955F0000461E8 /* DependencySuccessCondition.swift in Sources */,
				A75C513B214955F0000461E8 /* ServiceSession.swift in Sources */,
				A75C5139214955F0000461E8 /* ServiceEndpoint+JSONParsing.swift in Sources */,
				A75C5110214955F0000461E8 /* Dictionary+Operations.swift in Sources */,
				A75C5111214955F0000461E8 /* LocationOperation.swift in Sources */,
				A75C5112214955F0000461E8 /* OperationObserver.swift in Sources */,
				A75C5109214955F0000461E8 /* FeatureSelector.swift in Sources */,
				A75C5133214955F0000461E8 /* JSONParsing.swift in Sources */,
				A75C510F214955F0000461E8 /* NSLock+Operations.swift in Sources */,
				A75C5106214955F0000461E8 /* FeatureSubject.swift in Sources */,
				A75C5117214955F0000461E8 /* UserNotificationCondition.swift in Sources */,
				A75C513C214955F0000461E8 /* ServiceRequestDecorator.swift in Sources */,
				A75C5107214955F0000461E8 /* VendorIDFeatureSubject.swift in Sources */,
				A75C5120214955F0000461E8 /* OperationCondition.swift in Sources */,
			);
			runOnlyForDeploymentPostprocessing = 0;
		};
		A79B128D2149515E00B4D39F /* Sources */ = {
			isa = PBXSourcesBuildPhase;
			buildActionMask = 2147483647;
			files = (
				A79B12962149515E00B4D39F /* Smart_Training_LogTests.swift in Sources */,
			);
			runOnlyForDeploymentPostprocessing = 0;
		};
/* End PBXSourcesBuildPhase section */

/* Begin PBXTargetDependency section */
		A79B12932149515E00B4D39F /* PBXTargetDependency */ = {
			isa = PBXTargetDependency;
			target = A79B12792149515D00B4D39F /* Smart Training Log */;
			targetProxy = A79B12922149515E00B4D39F /* PBXContainerItemProxy */;
		};
/* End PBXTargetDependency section */

/* Begin PBXVariantGroup section */
		A79B12812149515D00B4D39F /* Main.storyboard */ = {
			isa = PBXVariantGroup;
			children = (
				A79B12822149515D00B4D39F /* Base */,
			);
			name = Main.storyboard;
			sourceTree = "<group>";
		};
		A79B12892149515E00B4D39F /* LaunchScreen.storyboard */ = {
			isa = PBXVariantGroup;
			children = (
				A79B128A2149515E00B4D39F /* Base */,
			);
			name = LaunchScreen.storyboard;
			sourceTree = "<group>";
		};
/* End PBXVariantGroup section */

/* Begin XCBuildConfiguration section */
		A79B12982149515E00B4D39F /* Debug */ = {
			isa = XCBuildConfiguration;
			buildSettings = {
				ALWAYS_SEARCH_USER_PATHS = NO;
				CLANG_ANALYZER_NONNULL = YES;
				CLANG_ANALYZER_NUMBER_OBJECT_CONVERSION = YES_AGGRESSIVE;
				CLANG_CXX_LANGUAGE_STANDARD = "gnu++14";
				CLANG_CXX_LIBRARY = "libc++";
				CLANG_ENABLE_MODULES = YES;
				CLANG_ENABLE_OBJC_ARC = YES;
				CLANG_ENABLE_OBJC_WEAK = YES;
				CLANG_WARN_BLOCK_CAPTURE_AUTORELEASING = YES;
				CLANG_WARN_BOOL_CONVERSION = YES;
				CLANG_WARN_COMMA = YES;
				CLANG_WARN_CONSTANT_CONVERSION = YES;
				CLANG_WARN_DEPRECATED_OBJC_IMPLEMENTATIONS = YES;
				CLANG_WARN_DIRECT_OBJC_ISA_USAGE = YES_ERROR;
				CLANG_WARN_DOCUMENTATION_COMMENTS = YES;
				CLANG_WARN_EMPTY_BODY = YES;
				CLANG_WARN_ENUM_CONVERSION = YES;
				CLANG_WARN_INFINITE_RECURSION = YES;
				CLANG_WARN_INT_CONVERSION = YES;
				CLANG_WARN_NON_LITERAL_NULL_CONVERSION = YES;
				CLANG_WARN_OBJC_IMPLICIT_RETAIN_SELF = YES;
				CLANG_WARN_OBJC_LITERAL_CONVERSION = YES;
				CLANG_WARN_OBJC_ROOT_CLASS = YES_ERROR;
				CLANG_WARN_RANGE_LOOP_ANALYSIS = YES;
				CLANG_WARN_STRICT_PROTOTYPES = YES;
				CLANG_WARN_SUSPICIOUS_MOVE = YES;
				CLANG_WARN_UNGUARDED_AVAILABILITY = YES_AGGRESSIVE;
				CLANG_WARN_UNREACHABLE_CODE = YES;
				CLANG_WARN__DUPLICATE_METHOD_MATCH = YES;
				CODE_SIGN_IDENTITY = "iPhone Developer";
				COPY_PHASE_STRIP = NO;
				DEBUG_INFORMATION_FORMAT = dwarf;
				ENABLE_STRICT_OBJC_MSGSEND = YES;
				ENABLE_TESTABILITY = YES;
				GCC_C_LANGUAGE_STANDARD = gnu11;
				GCC_DYNAMIC_NO_PIC = NO;
				GCC_NO_COMMON_BLOCKS = YES;
				GCC_OPTIMIZATION_LEVEL = 0;
				GCC_PREPROCESSOR_DEFINITIONS = (
					"DEBUG=1",
					"$(inherited)",
				);
				GCC_WARN_64_TO_32_BIT_CONVERSION = YES;
				GCC_WARN_ABOUT_RETURN_TYPE = YES_ERROR;
				GCC_WARN_UNDECLARED_SELECTOR = YES;
				GCC_WARN_UNINITIALIZED_AUTOS = YES_AGGRESSIVE;
				GCC_WARN_UNUSED_FUNCTION = YES;
				GCC_WARN_UNUSED_VARIABLE = YES;
				IPHONEOS_DEPLOYMENT_TARGET = 11.3;
				MTL_ENABLE_DEBUG_INFO = YES;
				ONLY_ACTIVE_ARCH = YES;
				SDKROOT = iphoneos;
				SWIFT_ACTIVE_COMPILATION_CONDITIONS = DEBUG;
				SWIFT_OPTIMIZATION_LEVEL = "-Onone";
			};
			name = Debug;
		};
		A79B12992149515E00B4D39F /* Release */ = {
			isa = XCBuildConfiguration;
			buildSettings = {
				ALWAYS_SEARCH_USER_PATHS = NO;
				CLANG_ANALYZER_NONNULL = YES;
				CLANG_ANALYZER_NUMBER_OBJECT_CONVERSION = YES_AGGRESSIVE;
				CLANG_CXX_LANGUAGE_STANDARD = "gnu++14";
				CLANG_CXX_LIBRARY = "libc++";
				CLANG_ENABLE_MODULES = YES;
				CLANG_ENABLE_OBJC_ARC = YES;
				CLANG_ENABLE_OBJC_WEAK = YES;
				CLANG_WARN_BLOCK_CAPTURE_AUTORELEASING = YES;
				CLANG_WARN_BOOL_CONVERSION = YES;
				CLANG_WARN_COMMA = YES;
				CLANG_WARN_CONSTANT_CONVERSION = YES;
				CLANG_WARN_DEPRECATED_OBJC_IMPLEMENTATIONS = YES;
				CLANG_WARN_DIRECT_OBJC_ISA_USAGE = YES_ERROR;
				CLANG_WARN_DOCUMENTATION_COMMENTS = YES;
				CLANG_WARN_EMPTY_BODY = YES;
				CLANG_WARN_ENUM_CONVERSION = YES;
				CLANG_WARN_INFINITE_RECURSION = YES;
				CLANG_WARN_INT_CONVERSION = YES;
				CLANG_WARN_NON_LITERAL_NULL_CONVERSION = YES;
				CLANG_WARN_OBJC_IMPLICIT_RETAIN_SELF = YES;
				CLANG_WARN_OBJC_LITERAL_CONVERSION = YES;
				CLANG_WARN_OBJC_ROOT_CLASS = YES_ERROR;
				CLANG_WARN_RANGE_LOOP_ANALYSIS = YES;
				CLANG_WARN_STRICT_PROTOTYPES = YES;
				CLANG_WARN_SUSPICIOUS_MOVE = YES;
				CLANG_WARN_UNGUARDED_AVAILABILITY = YES_AGGRESSIVE;
				CLANG_WARN_UNREACHABLE_CODE = YES;
				CLANG_WARN__DUPLICATE_METHOD_MATCH = YES;
				CODE_SIGN_IDENTITY = "iPhone Developer";
				COPY_PHASE_STRIP = NO;
				DEBUG_INFORMATION_FORMAT = "dwarf-with-dsym";
				ENABLE_NS_ASSERTIONS = NO;
				ENABLE_STRICT_OBJC_MSGSEND = YES;
				GCC_C_LANGUAGE_STANDARD = gnu11;
				GCC_NO_COMMON_BLOCKS = YES;
				GCC_WARN_64_TO_32_BIT_CONVERSION = YES;
				GCC_WARN_ABOUT_RETURN_TYPE = YES_ERROR;
				GCC_WARN_UNDECLARED_SELECTOR = YES;
				GCC_WARN_UNINITIALIZED_AUTOS = YES_AGGRESSIVE;
				GCC_WARN_UNUSED_FUNCTION = YES;
				GCC_WARN_UNUSED_VARIABLE = YES;
				IPHONEOS_DEPLOYMENT_TARGET = 11.3;
				MTL_ENABLE_DEBUG_INFO = NO;
				SDKROOT = iphoneos;
				SWIFT_COMPILATION_MODE = wholemodule;
				SWIFT_OPTIMIZATION_LEVEL = "-O";
				VALIDATE_PRODUCT = YES;
			};
			name = Release;
		};
		A79B129B2149515E00B4D39F /* Debug */ = {
			isa = XCBuildConfiguration;
			buildSettings = {
				ASSETCATALOG_COMPILER_APPICON_NAME = AppIcon;
				CODE_SIGN_STYLE = Automatic;
				DEVELOPMENT_TEAM = 5XK7JHWX2X;
				INFOPLIST_FILE = "Smart Training Log/Info.plist";
				LD_RUNPATH_SEARCH_PATHS = (
					"$(inherited)",
					"@executable_path/Frameworks",
				);
				PRODUCT_BUNDLE_IDENTIFIER = "cs4261.Smart-Training-Log";
				PRODUCT_NAME = "$(TARGET_NAME)";
				SWIFT_VERSION = 4.0;
				TARGETED_DEVICE_FAMILY = "1,2";
			};
			name = Debug;
		};
		A79B129C2149515E00B4D39F /* Release */ = {
			isa = XCBuildConfiguration;
			buildSettings = {
				ASSETCATALOG_COMPILER_APPICON_NAME = AppIcon;
				CODE_SIGN_STYLE = Automatic;
				DEVELOPMENT_TEAM = 5XK7JHWX2X;
				INFOPLIST_FILE = "Smart Training Log/Info.plist";
				LD_RUNPATH_SEARCH_PATHS = (
					"$(inherited)",
					"@executable_path/Frameworks",
				);
				PRODUCT_BUNDLE_IDENTIFIER = "cs4261.Smart-Training-Log";
				PRODUCT_NAME = "$(TARGET_NAME)";
				SWIFT_VERSION = 4.0;
				TARGETED_DEVICE_FAMILY = "1,2";
			};
			name = Release;
		};
		A79B129E2149515E00B4D39F /* Debug */ = {
			isa = XCBuildConfiguration;
			buildSettings = {
				ALWAYS_EMBED_SWIFT_STANDARD_LIBRARIES = YES;
				BUNDLE_LOADER = "$(TEST_HOST)";
				CODE_SIGN_STYLE = Automatic;
				DEVELOPMENT_TEAM = 5XK7JHWX2X;
				INFOPLIST_FILE = "Smart Training LogTests/Info.plist";
				LD_RUNPATH_SEARCH_PATHS = (
					"$(inherited)",
					"@executable_path/Frameworks",
					"@loader_path/Frameworks",
				);
				PRODUCT_BUNDLE_IDENTIFIER = "cs4261.Smart-Training-LogTests";
				PRODUCT_NAME = "$(TARGET_NAME)";
				SWIFT_VERSION = 4.0;
				TARGETED_DEVICE_FAMILY = "1,2";
				TEST_HOST = "$(BUILT_PRODUCTS_DIR)/Smart Training Log.app/Smart Training Log";
			};
			name = Debug;
		};
		A79B129F2149515E00B4D39F /* Release */ = {
			isa = XCBuildConfiguration;
			buildSettings = {
				ALWAYS_EMBED_SWIFT_STANDARD_LIBRARIES = YES;
				BUNDLE_LOADER = "$(TEST_HOST)";
				CODE_SIGN_STYLE = Automatic;
				DEVELOPMENT_TEAM = 5XK7JHWX2X;
				INFOPLIST_FILE = "Smart Training LogTests/Info.plist";
				LD_RUNPATH_SEARCH_PATHS = (
					"$(inherited)",
					"@executable_path/Frameworks",
					"@loader_path/Frameworks",
				);
				PRODUCT_BUNDLE_IDENTIFIER = "cs4261.Smart-Training-LogTests";
				PRODUCT_NAME = "$(TARGET_NAME)";
				SWIFT_VERSION = 4.0;
				TARGETED_DEVICE_FAMILY = "1,2";
				TEST_HOST = "$(BUILT_PRODUCTS_DIR)/Smart Training Log.app/Smart Training Log";
			};
			name = Release;
		};
/* End XCBuildConfiguration section */

/* Begin XCConfigurationList section */
		A79B12752149515D00B4D39F /* Build configuration list for PBXProject "Smart Training Log" */ = {
			isa = XCConfigurationList;
			buildConfigurations = (
				A79B12982149515E00B4D39F /* Debug */,
				A79B12992149515E00B4D39F /* Release */,
			);
			defaultConfigurationIsVisible = 0;
			defaultConfigurationName = Release;
		};
		A79B129A2149515E00B4D39F /* Build configuration list for PBXNativeTarget "Smart Training Log" */ = {
			isa = XCConfigurationList;
			buildConfigurations = (
				A79B129B2149515E00B4D39F /* Debug */,
				A79B129C2149515E00B4D39F /* Release */,
			);
			defaultConfigurationIsVisible = 0;
			defaultConfigurationName = Release;
		};
		A79B129D2149515E00B4D39F /* Build configuration list for PBXNativeTarget "Smart Training LogTests" */ = {
			isa = XCConfigurationList;
			buildConfigurations = (
				A79B129E2149515E00B4D39F /* Debug */,
				A79B129F2149515E00B4D39F /* Release */,
			);
			defaultConfigurationIsVisible = 0;
			defaultConfigurationName = Release;
		};
/* End XCConfigurationList section */

/* Begin XCVersionGroup section */
		A79B12842149515D00B4D39F /* Smart_Training_Log.xcdatamodeld */ = {
			isa = XCVersionGroup;
			children = (
				A79B12852149515D00B4D39F /* Smart_Training_Log.xcdatamodel */,
			);
			currentVersion = A79B12852149515D00B4D39F /* Smart_Training_Log.xcdatamodel */;
			path = Smart_Training_Log.xcdatamodeld;
			sourceTree = "<group>";
			versionGroupType = wrapper.xcdatamodel;
		};
/* End XCVersionGroup section */
	};
	rootObject = A79B12722149515D00B4D39F /* Project object */;
}
